<?xml version="1.0" encoding="utf-8"?>
<Project ToolsVersion="4.0" xmlns="http://schemas.microsoft.com/developer/msbuild/2003">
  <ItemGroup>
    <Filter Include="Source Files">
      <UniqueIdentifier>{4FC737F1-C7A5-4376-A066-2A32D752A2FF}</UniqueIdentifier>
      <Extensions>cpp;c;cc;cxx;c++;cppm;ixx;def;odl;idl;hpj;bat;asm;asmx</Extensions>
    </Filter>
    <Filter Include="Header Files">
      <UniqueIdentifier>{93995380-89BD-4b04-88EB-625FBE52EBFB}</UniqueIdentifier>
      <Extensions>h;hh;hpp;hxx;h++;hm;inl;inc;ipp;xsd</Extensions>
    </Filter>
    <Filter Include="Resource Files">
      <UniqueIdentifier>{67DA6AB6-F800-4c08-8B7A-83BB121AAD01}</UniqueIdentifier>
      <Extensions>rc;ico;cur;bmp;dlg;rc2;rct;bin;rgs;gif;jpg;jpeg;jpe;resx;tiff;tif;png;wav;mfcribbon-ms</Extensions>
    </Filter>
  </ItemGroup>
  <ItemGroup>
    <ClCompile Include="src\Main.cpp">
      <Filter>Source Files</Filter>
    </ClCompile>
    <ClCompile Include="src\MainWindow.cpp">
      <Filter>Source Files</Filter>
    </ClCompile>
    <ClCompile Include="src\logic\Scene.cpp">
      <Filter>Source Files</Filter>
    </ClCompile>
    <ClCompile Include="src\logic\SceneNode.cpp">
      <Filter>Source Files</Filter>
    </ClCompile>
    <ClCompile Include="src\logic\Transform.cpp">
      <Filter>Source Files</Filter>
    </ClCompile>
    <ClCompile Include="src\rendering\ImGuiController.cpp">
      <Filter>Source Files</Filter>
    </ClCompile>
    <ClCompile Include="include\imgui\imgui.cpp">
      <Filter>Source Files</Filter>
    </ClCompile>
    <ClCompile Include="include\imgui\imgui_demo.cpp">
      <Filter>Source Files</Filter>
    </ClCompile>
    <ClCompile Include="include\imgui\imgui_draw.cpp">
      <Filter>Source Files</Filter>
    </ClCompile>
    <ClCompile Include="include\imgui\imgui_impl_glfw.cpp">
      <Filter>Source Files</Filter>
    </ClCompile>
    <ClCompile Include="include\imgui\imgui_impl_opengl3.cpp">
      <Filter>Source Files</Filter>
    </ClCompile>
    <ClCompile Include="include\imgui\imgui_tables.cpp">
      <Filter>Source Files</Filter>
    </ClCompile>
    <ClCompile Include="include\imgui\imgui_widgets.cpp">
      <Filter>Source Files</Filter>
    </ClCompile>
    <ClCompile Include="src\rendering\Camera.cpp">
      <Filter>Source Files</Filter>
    </ClCompile>
    <ClCompile Include="src\rendering\Material.cpp">
      <Filter>Source Files</Filter>
    </ClCompile>
    <ClCompile Include="src\rendering\Shader.cpp">
      <Filter>Source Files</Filter>
    </ClCompile>
    <ClCompile Include="src\rendering\Mesh.cpp">
      <Filter>Source Files</Filter>
    </ClCompile>
    <ClCompile Include="src\rendering\MeshRenderer.cpp">
      <Filter>Source Files</Filter>
    </ClCompile>
    <ClCompile Include="src\rendering\Renderer.cpp">
      <Filter>Source Files</Filter>
    </ClCompile>
    <ClCompile Include="src\logic\GameManager.cpp">
      <Filter>Source Files</Filter>
    </ClCompile>
    <ClCompile Include="src\logic\LevelManager.cpp">
      <Filter>Source Files</Filter>
    </ClCompile>
    <ClCompile Include="src\logic\LevelObject.cpp">
      <Filter>Source Files</Filter>
    </ClCompile>
    <ClCompile Include="src\logic\Timeline.cpp">
      <Filter>Source Files</Filter>
    </ClCompile>
    <ClCompile Include="src\logic\Properties.cpp">
      <Filter>Source Files</Filter>
    </ClCompile>
    <ClCompile Include="include\imgui\imgui_stdlib.cpp">
      <Filter>Source Files</Filter>
    </ClCompile>
    <ClCompile Include="src\logic\animation\ColorSequence.cpp">
      <Filter>Source Files</Filter>
    </ClCompile>
    <ClCompile Include="src\logic\ColorSlot.cpp">
      <Filter>Source Files</Filter>
    </ClCompile>
    <ClCompile Include="src\logic\Theme.cpp">
      <Filter>Source Files</Filter>
    </ClCompile>
    <ClCompile Include="include\glad\glad.c">
      <Filter>Source Files</Filter>
    </ClCompile>
    <ClCompile Include="include\glm\detail\glm.cpp">
      <Filter>Source Files</Filter>
    </ClCompile>
    <ClCompile Include="src\logic\AudioClip.cpp">
      <Filter>Source Files</Filter>
    </ClCompile>
    <ClCompile Include="src\logic\ShapeManager.cpp">
      <Filter>Source Files</Filter>
    </ClCompile>
    <ClCompile Include="src\logic\DataManager.cpp">
      <Filter>Source Files</Filter>
    </ClCompile>
    <ClCompile Include="src\logic\Level.cpp">
      <Filter>Source Files</Filter>
    </ClCompile>
    <ClCompile Include="src\rendering\ComputeShader.cpp">
      <Filter>Source Files</Filter>
    </ClCompile>
    <ClCompile Include="src\rendering\Texture2D.cpp">
      <Filter>Source Files</Filter>
    </ClCompile>
    <ClCompile Include="include\discord\achievement_manager.cpp">
      <Filter>Source Files</Filter>
    </ClCompile>
    <ClCompile Include="include\discord\activity_manager.cpp">
      <Filter>Source Files</Filter>
    </ClCompile>
    <ClCompile Include="include\discord\application_manager.cpp">
      <Filter>Source Files</Filter>
    </ClCompile>
    <ClCompile Include="include\discord\core.cpp">
      <Filter>Source Files</Filter>
    </ClCompile>
    <ClCompile Include="include\discord\image_manager.cpp">
      <Filter>Source Files</Filter>
    </ClCompile>
    <ClCompile Include="include\discord\lobby_manager.cpp">
      <Filter>Source Files</Filter>
    </ClCompile>
    <ClCompile Include="include\discord\network_manager.cpp">
      <Filter>Source Files</Filter>
    </ClCompile>
    <ClCompile Include="include\discord\overlay_manager.cpp">
      <Filter>Source Files</Filter>
    </ClCompile>
    <ClCompile Include="include\discord\relationship_manager.cpp">
      <Filter>Source Files</Filter>
    </ClCompile>
    <ClCompile Include="include\discord\storage_manager.cpp">
      <Filter>Source Files</Filter>
    </ClCompile>
    <ClCompile Include="include\discord\store_manager.cpp">
      <Filter>Source Files</Filter>
    </ClCompile>
    <ClCompile Include="include\discord\types.cpp">
      <Filter>Source Files</Filter>
    </ClCompile>
    <ClCompile Include="include\discord\user_manager.cpp">
      <Filter>Source Files</Filter>
    </ClCompile>
    <ClCompile Include="include\discord\voice_manager.cpp">
      <Filter>Source Files</Filter>
    </ClCompile>
    <ClCompile Include="src\logic\DiscordManager.cpp">
      <Filter>Source Files</Filter>
    </ClCompile>
    <ClCompile Include="src\logic\animation\Sequence.cpp">
      <Filter>Source Files</Filter>
    </ClCompile>
    <ClCompile Include="src\logic\AnimationChannel.cpp">
      <Filter>Source Files</Filter>
    </ClCompile>
    <ClCompile Include="src\logic\LevelEvent.cpp">
      <Filter>Source Files</Filter>
    </ClCompile>
    <ClCompile Include="src\logic\Events.cpp">
      <Filter>Source Files</Filter>
    </ClCompile>
    <ClCompile Include="src\logic\animation\Easing.h">
      <Filter>Source Files</Filter>
    </ClCompile>
    <ClCompile Include="src\rendering\PostProcessing\Bloom.cpp">
      <Filter>Source Files</Filter>
    </ClCompile>
    <ClCompile Include="src\rendering\PostProcessing\Tonemapping.cpp">
      <Filter>Source Files</Filter>
    </ClCompile>
    <ClCompile Include="src\logic\imgui\imgui_editorlib.cpp">
      <Filter>Source Files</Filter>
    </ClCompile>
    <ClCompile Include="src\logic\DebugMenu.cpp">
      <Filter>Source Files</Filter>
    </ClCompile>
    <ClCompile Include="include\stb\stb_vorbis.c">
      <Filter>Source Files</Filter>
    </ClCompile>
    <ClCompile Include="include\Codecs\AudioCodec.cpp">
      <Filter>Source Files</Filter>
    </ClCompile>
    <ClCompile Include="include\Codecs\Codec.cpp">
      <Filter>Source Files</Filter>
    </ClCompile>
    <ClCompile Include="include\Codecs\H264NVEncCodec.cpp">
      <Filter>Source Files</Filter>
    </ClCompile>
    <ClCompile Include="include\Codecs\H265NVEncCodec.cpp">
      <Filter>Source Files</Filter>
    </ClCompile>
    <ClCompile Include="include\Codecs\JPGCodec.cpp">
      <Filter>Source Files</Filter>
    </ClCompile>
    <ClCompile Include="include\Codecs\PNGCodec.cpp">
      <Filter>Source Files</Filter>
    </ClCompile>
    <ClCompile Include="include\Codecs\VideoCodec.cpp">
      <Filter>Source Files</Filter>
    </ClCompile>
    <ClCompile Include="include\Codecs\VP9Codec.cpp">
      <Filter>Source Files</Filter>
    </ClCompile>
    <ClCompile Include="include\Demuxing\AudioInputStream.cpp">
      <Filter>Source Files</Filter>
    </ClCompile>
    <ClCompile Include="include\Demuxing\InputStream.cpp">
      <Filter>Source Files</Filter>
    </ClCompile>
    <ClCompile Include="include\Demuxing\StreamData.cpp">
      <Filter>Source Files</Filter>
    </ClCompile>
    <ClCompile Include="include\Demuxing\VideoInputStream.cpp">
      <Filter>Source Files</Filter>
    </ClCompile>
    <ClCompile Include="include\Frame Sinks\AudioEncoder.cpp">
      <Filter>Source Files</Filter>
    </ClCompile>
    <ClCompile Include="include\Frame Sinks\AudioFilter.cpp">
      <Filter>Source Files</Filter>
    </ClCompile>
    <ClCompile Include="include\Frame Sinks\Filter.cpp">
      <Filter>Source Files</Filter>
    </ClCompile>
    <ClCompile Include="include\Frame Sinks\FrameSinkStream.cpp">
      <Filter>Source Files</Filter>
    </ClCompile>
    <ClCompile Include="include\Frame Sinks\OneInputFrameSink.cpp">
      <Filter>Source Files</Filter>
    </ClCompile>
    <ClCompile Include="include\Frame Sinks\VideoEncoder.cpp">
      <Filter>Source Files</Filter>
    </ClCompile>
    <ClCompile Include="include\Frame Sinks\VideoFilterInput.cpp">
      <Filter>Source Files</Filter>
    </ClCompile>
    <ClCompile Include="include\Sources\Demuxer.cpp">
      <Filter>Source Files</Filter>
    </ClCompile>
    <ClCompile Include="include\Sources\EncodedFileSource.cpp">
      <Filter>Source Files</Filter>
    </ClCompile>
    <ClCompile Include="include\Sources\RawAudioDataSource.cpp">
      <Filter>Source Files</Filter>
    </ClCompile>
    <ClCompile Include="include\Sources\RawAudioFileSource.cpp">
      <Filter>Source Files</Filter>
    </ClCompile>
    <ClCompile Include="include\Sources\RawVideoDataSource.cpp">
      <Filter>Source Files</Filter>
    </ClCompile>
    <ClCompile Include="include\Sources\RawVideoFileSource.cpp">
      <Filter>Source Files</Filter>
    </ClCompile>
    <ClCompile Include="include\Muxing\AudioOutputStream.cpp">
      <Filter>Source Files</Filter>
    </ClCompile>
    <ClCompile Include="include\Muxing\Muxer.cpp">
      <Filter>Source Files</Filter>
    </ClCompile>
    <ClCompile Include="include\Muxing\OutputStream.cpp">
      <Filter>Source Files</Filter>
    </ClCompile>
    <ClCompile Include="include\Muxing\VideoOutputStream.cpp">
      <Filter>Source Files</Filter>
    </ClCompile>
    <ClCompile Include="include\AudioFormatConverter.cpp">
      <Filter>Source Files</Filter>
    </ClCompile>
    <ClCompile Include="include\CodecDeducer.cpp">
      <Filter>Source Files</Filter>
    </ClCompile>
    <ClCompile Include="include\FFmpegException.cpp">
      <Filter>Source Files</Filter>
    </ClCompile>
    <ClCompile Include="include\FrameContainer.cpp">
      <Filter>Source Files</Filter>
    </ClCompile>
    <ClCompile Include="include\OpenCodec.cpp">
      <Filter>Source Files</Filter>
    </ClCompile>
    <ClCompile Include="include\VideoFormatConverter.cpp">
      <Filter>Source Files</Filter>
    </ClCompile>
    <ClCompile Include="src\logic\VideoExporter.cpp">
      <Filter>Source Files</Filter>
    </ClCompile>
    <ClCompile Include="src\logic\UndoRedoManager.cpp">
      <Filter>Source Files</Filter>
    </ClCompile>
    <ClCompile Include="src\logic\undo_commands\AddObjectCmd.cpp">
      <Filter>Source Files</Filter>
    </ClCompile>
    <ClCompile Include="src\logic\undo_commands\RemoveObjectCmd.cpp">
      <Filter>Source Files</Filter>
    </ClCompile>
    <ClCompile Include="src\logic\undo_commands\EditObjectCmd.cpp">
      <Filter>Source Files</Filter>
    </ClCompile>
    <ClCompile Include="src\logic\undo_commands\ChangeParentCmd.cpp">
      <Filter>Source Files</Filter>
    </ClCompile>
    <ClCompile Include="src\logic\undo_commands\ObjectKeyframeEditCmd.cpp">
      <Filter>Source Files</Filter>
    </ClCompile>
    <ClCompile Include="src\logic\undo_commands\ObjectAddChannelCmd.cpp">
      <Filter>Source Files</Filter>
    </ClCompile>
    <ClCompile Include="src\logic\undo_commands\ObjectAddKeyframeCmd.cpp">
      <Filter>Source Files</Filter>
    </ClCompile>
  </ItemGroup>
  <ItemGroup>
    <ClInclude Include="src\MainWindow.h">
      <Filter>Header Files</Filter>
    </ClInclude>
    <ClInclude Include="src\logic\Scene.h">
      <Filter>Header Files</Filter>
    </ClInclude>
    <ClInclude Include="src\logic\SceneNode.h">
      <Filter>Header Files</Filter>
    </ClInclude>
    <ClInclude Include="src\logic\Transform.h">
      <Filter>Header Files</Filter>
    </ClInclude>
    <ClInclude Include="src\rendering\ImGuiController.h">
      <Filter>Header Files</Filter>
    </ClInclude>
    <ClInclude Include="include\imgui\imconfig.h">
      <Filter>Header Files</Filter>
    </ClInclude>
    <ClInclude Include="include\imgui\imgui.h">
      <Filter>Header Files</Filter>
    </ClInclude>
    <ClInclude Include="include\imgui\imgui_impl_glfw.h">
      <Filter>Header Files</Filter>
    </ClInclude>
    <ClInclude Include="include\imgui\imgui_impl_opengl3.h">
      <Filter>Header Files</Filter>
    </ClInclude>
    <ClInclude Include="include\imgui\imgui_internal.h">
      <Filter>Header Files</Filter>
    </ClInclude>
    <ClInclude Include="include\imgui\imstb_rectpack.h">
      <Filter>Header Files</Filter>
    </ClInclude>
    <ClInclude Include="include\imgui\imstb_textedit.h">
      <Filter>Header Files</Filter>
    </ClInclude>
    <ClInclude Include="include\imgui\imstb_truetype.h">
      <Filter>Header Files</Filter>
    </ClInclude>
    <ClInclude Include="src\rendering\Camera.h">
      <Filter>Header Files</Filter>
    </ClInclude>
    <ClInclude Include="src\rendering\Material.h">
      <Filter>Header Files</Filter>
    </ClInclude>
    <ClInclude Include="src\rendering\Shader.h">
      <Filter>Header Files</Filter>
    </ClInclude>
    <ClInclude Include="src\rendering\MaterialProperty.h">
      <Filter>Header Files</Filter>
    </ClInclude>
    <ClInclude Include="src\rendering\MaterialPropertyType.h">
      <Filter>Header Files</Filter>
    </ClInclude>
    <ClInclude Include="src\rendering\Mesh.h">
      <Filter>Header Files</Filter>
    </ClInclude>
    <ClInclude Include="src\rendering\VertexAttrib.h">
      <Filter>Header Files</Filter>
    </ClInclude>
    <ClInclude Include="src\rendering\OutputDrawData.h">
      <Filter>Header Files</Filter>
    </ClInclude>
    <ClInclude Include="src\rendering\RendererComponent.h">
      <Filter>Header Files</Filter>
    </ClInclude>
    <ClInclude Include="src\rendering\MeshRenderer.h">
      <Filter>Header Files</Filter>
    </ClInclude>
    <ClInclude Include="src\rendering\Renderer.h">
      <Filter>Header Files</Filter>
    </ClInclude>
    <ClInclude Include="src\logic\GameManager.h">
      <Filter>Header Files</Filter>
    </ClInclude>
    <ClInclude Include="src\logic\LevelManager.h">
      <Filter>Header Files</Filter>
    </ClInclude>
    <ClInclude Include="src\logic\LevelObject.h">
      <Filter>Header Files</Filter>
    </ClInclude>
    <ClInclude Include="src\logic\animation\Keyframe.h">
      <Filter>Header Files</Filter>
    </ClInclude>
    <ClInclude Include="src\logic\ObjectAction.h">
      <Filter>Header Files</Filter>
    </ClInclude>
    <ClInclude Include="src\logic\ObjectActionType.h">
      <Filter>Header Files</Filter>
    </ClInclude>
    <ClInclude Include="src\logic\Timeline.h">
      <Filter>Header Files</Filter>
    </ClInclude>
    <ClInclude Include="src\logic\Properties.h">
      <Filter>Header Files</Filter>
    </ClInclude>
    <ClInclude Include="src\rendering\FramebufferStack.h">
      <Filter>Header Files</Filter>
    </ClInclude>
    <ClInclude Include="include\imgui\imgui_stdlib.h">
      <Filter>Header Files</Filter>
    </ClInclude>
    <ClInclude Include="src\logic\animation\ColorSequence.h">
      <Filter>Header Files</Filter>
    </ClInclude>
    <ClInclude Include="src\logic\animation\ColorKeyframe.h">
      <Filter>Header Files</Filter>
    </ClInclude>
    <ClInclude Include="src\logic\animation\Color.h">
      <Filter>Header Files</Filter>
    </ClInclude>
    <ClInclude Include="src\logic\ColorSlot.h">
      <Filter>Header Files</Filter>
    </ClInclude>
    <ClInclude Include="src\logic\Theme.h">
      <Filter>Header Files</Filter>
    </ClInclude>
    <ClInclude Include="src\logic\GlobalConstants.h">
      <Filter>Header Files</Filter>
    </ClInclude>
    <ClInclude Include="include\logger.h">
      <Filter>Header Files</Filter>
    </ClInclude>
    <ClInclude Include="include\glad\glad.h">
      <Filter>Header Files</Filter>
    </ClInclude>
    <ClInclude Include="include\GLFW\glfw3.h">
      <Filter>Header Files</Filter>
    </ClInclude>
    <ClInclude Include="include\GLFW\glfw3native.h">
      <Filter>Header Files</Filter>
    </ClInclude>
    <ClInclude Include="include\glm\common.hpp">
      <Filter>Header Files</Filter>
    </ClInclude>
    <ClInclude Include="include\glm\exponential.hpp">
      <Filter>Header Files</Filter>
    </ClInclude>
    <ClInclude Include="include\glm\ext.hpp">
      <Filter>Header Files</Filter>
    </ClInclude>
    <ClInclude Include="include\glm\fwd.hpp">
      <Filter>Header Files</Filter>
    </ClInclude>
    <ClInclude Include="include\glm\geometric.hpp">
      <Filter>Header Files</Filter>
    </ClInclude>
    <ClInclude Include="include\glm\glm.hpp">
      <Filter>Header Files</Filter>
    </ClInclude>
    <ClInclude Include="include\glm\integer.hpp">
      <Filter>Header Files</Filter>
    </ClInclude>
    <ClInclude Include="include\glm\mat2x2.hpp">
      <Filter>Header Files</Filter>
    </ClInclude>
    <ClInclude Include="include\glm\mat2x3.hpp">
      <Filter>Header Files</Filter>
    </ClInclude>
    <ClInclude Include="include\glm\mat2x4.hpp">
      <Filter>Header Files</Filter>
    </ClInclude>
    <ClInclude Include="include\glm\mat3x2.hpp">
      <Filter>Header Files</Filter>
    </ClInclude>
    <ClInclude Include="include\glm\mat3x3.hpp">
      <Filter>Header Files</Filter>
    </ClInclude>
    <ClInclude Include="include\glm\mat3x4.hpp">
      <Filter>Header Files</Filter>
    </ClInclude>
    <ClInclude Include="include\glm\mat4x2.hpp">
      <Filter>Header Files</Filter>
    </ClInclude>
    <ClInclude Include="include\glm\mat4x3.hpp">
      <Filter>Header Files</Filter>
    </ClInclude>
    <ClInclude Include="include\glm\mat4x4.hpp">
      <Filter>Header Files</Filter>
    </ClInclude>
    <ClInclude Include="include\glm\matrix.hpp">
      <Filter>Header Files</Filter>
    </ClInclude>
    <ClInclude Include="include\glm\packing.hpp">
      <Filter>Header Files</Filter>
    </ClInclude>
    <ClInclude Include="include\glm\trigonometric.hpp">
      <Filter>Header Files</Filter>
    </ClInclude>
    <ClInclude Include="include\glm\vec2.hpp">
      <Filter>Header Files</Filter>
    </ClInclude>
    <ClInclude Include="include\glm\vec3.hpp">
      <Filter>Header Files</Filter>
    </ClInclude>
    <ClInclude Include="include\glm\vec4.hpp">
      <Filter>Header Files</Filter>
    </ClInclude>
    <ClInclude Include="include\glm\vector_relational.hpp">
      <Filter>Header Files</Filter>
    </ClInclude>
    <ClInclude Include="include\glm\simd\common.h">
      <Filter>Header Files</Filter>
    </ClInclude>
    <ClInclude Include="include\glm\simd\exponential.h">
      <Filter>Header Files</Filter>
    </ClInclude>
    <ClInclude Include="include\glm\simd\geometric.h">
      <Filter>Header Files</Filter>
    </ClInclude>
    <ClInclude Include="include\glm\simd\integer.h">
      <Filter>Header Files</Filter>
    </ClInclude>
    <ClInclude Include="include\glm\simd\matrix.h">
      <Filter>Header Files</Filter>
    </ClInclude>
    <ClInclude Include="include\glm\simd\neon.h">
      <Filter>Header Files</Filter>
    </ClInclude>
    <ClInclude Include="include\glm\simd\packing.h">
      <Filter>Header Files</Filter>
    </ClInclude>
    <ClInclude Include="include\glm\simd\platform.h">
      <Filter>Header Files</Filter>
    </ClInclude>
    <ClInclude Include="include\glm\simd\trigonometric.h">
      <Filter>Header Files</Filter>
    </ClInclude>
    <ClInclude Include="include\glm\simd\vector_relational.h">
      <Filter>Header Files</Filter>
    </ClInclude>
    <ClInclude Include="include\glm\gtx\associated_min_max.hpp">
      <Filter>Header Files</Filter>
    </ClInclude>
    <ClInclude Include="include\glm\gtx\bit.hpp">
      <Filter>Header Files</Filter>
    </ClInclude>
    <ClInclude Include="include\glm\gtx\closest_point.hpp">
      <Filter>Header Files</Filter>
    </ClInclude>
    <ClInclude Include="include\glm\gtx\color_encoding.hpp">
      <Filter>Header Files</Filter>
    </ClInclude>
    <ClInclude Include="include\glm\gtx\color_space.hpp">
      <Filter>Header Files</Filter>
    </ClInclude>
    <ClInclude Include="include\glm\detail\_features.hpp">
      <Filter>Header Files</Filter>
    </ClInclude>
    <ClInclude Include="include\glm\detail\_fixes.hpp">
      <Filter>Header Files</Filter>
    </ClInclude>
    <ClInclude Include="include\glm\detail\_noise.hpp">
      <Filter>Header Files</Filter>
    </ClInclude>
    <ClInclude Include="include\glm\detail\_swizzle.hpp">
      <Filter>Header Files</Filter>
    </ClInclude>
    <ClInclude Include="include\glm\detail\_swizzle_func.hpp">
      <Filter>Header Files</Filter>
    </ClInclude>
    <ClInclude Include="include\glm\detail\_vectorize.hpp">
      <Filter>Header Files</Filter>
    </ClInclude>
    <ClInclude Include="include\glm\detail\compute_common.hpp">
      <Filter>Header Files</Filter>
    </ClInclude>
    <ClInclude Include="include\glm\detail\compute_vector_relational.hpp">
      <Filter>Header Files</Filter>
    </ClInclude>
    <ClInclude Include="include\glm\detail\qualifier.hpp">
      <Filter>Header Files</Filter>
    </ClInclude>
    <ClInclude Include="include\glm\detail\setup.hpp">
      <Filter>Header Files</Filter>
    </ClInclude>
    <ClInclude Include="include\glm\detail\type_float.hpp">
      <Filter>Header Files</Filter>
    </ClInclude>
    <ClInclude Include="include\glm\detail\type_half.hpp">
      <Filter>Header Files</Filter>
    </ClInclude>
    <ClInclude Include="include\glm\detail\type_mat2x2.hpp">
      <Filter>Header Files</Filter>
    </ClInclude>
    <ClInclude Include="include\glm\detail\type_mat2x3.hpp">
      <Filter>Header Files</Filter>
    </ClInclude>
    <ClInclude Include="include\glm\detail\type_mat2x4.hpp">
      <Filter>Header Files</Filter>
    </ClInclude>
    <ClInclude Include="include\glm\detail\type_mat3x2.hpp">
      <Filter>Header Files</Filter>
    </ClInclude>
    <ClInclude Include="include\glm\detail\type_mat3x3.hpp">
      <Filter>Header Files</Filter>
    </ClInclude>
    <ClInclude Include="include\glm\detail\type_mat3x4.hpp">
      <Filter>Header Files</Filter>
    </ClInclude>
    <ClInclude Include="include\glm\detail\type_mat4x2.hpp">
      <Filter>Header Files</Filter>
    </ClInclude>
    <ClInclude Include="include\glm\detail\type_mat4x3.hpp">
      <Filter>Header Files</Filter>
    </ClInclude>
    <ClInclude Include="include\glm\detail\type_mat4x4.hpp">
      <Filter>Header Files</Filter>
    </ClInclude>
    <ClInclude Include="include\glm\detail\type_quat.hpp">
      <Filter>Header Files</Filter>
    </ClInclude>
    <ClInclude Include="include\glm\detail\type_vec1.hpp">
      <Filter>Header Files</Filter>
    </ClInclude>
    <ClInclude Include="include\glm\detail\type_vec2.hpp">
      <Filter>Header Files</Filter>
    </ClInclude>
    <ClInclude Include="include\glm\detail\type_vec3.hpp">
      <Filter>Header Files</Filter>
    </ClInclude>
    <ClInclude Include="include\glm\detail\type_vec4.hpp">
      <Filter>Header Files</Filter>
    </ClInclude>
    <ClInclude Include="include\glm\gtx\color_space_YCoCg.hpp">
      <Filter>Header Files</Filter>
    </ClInclude>
    <ClInclude Include="include\glm\gtx\common.hpp">
      <Filter>Header Files</Filter>
    </ClInclude>
    <ClInclude Include="include\glm\gtx\compatibility.hpp">
      <Filter>Header Files</Filter>
    </ClInclude>
    <ClInclude Include="include\glm\gtx\component_wise.hpp">
      <Filter>Header Files</Filter>
    </ClInclude>
    <ClInclude Include="include\glm\gtx\dual_quaternion.hpp">
      <Filter>Header Files</Filter>
    </ClInclude>
    <ClInclude Include="include\glm\gtx\easing.hpp">
      <Filter>Header Files</Filter>
    </ClInclude>
    <ClInclude Include="include\glm\gtx\euler_angles.hpp">
      <Filter>Header Files</Filter>
    </ClInclude>
    <ClInclude Include="include\glm\gtx\extend.hpp">
      <Filter>Header Files</Filter>
    </ClInclude>
    <ClInclude Include="include\glm\gtx\extended_min_max.hpp">
      <Filter>Header Files</Filter>
    </ClInclude>
    <ClInclude Include="include\glm\gtx\exterior_product.hpp">
      <Filter>Header Files</Filter>
    </ClInclude>
    <ClInclude Include="include\glm\gtx\fast_exponential.hpp">
      <Filter>Header Files</Filter>
    </ClInclude>
    <ClInclude Include="include\glm\gtx\fast_square_root.hpp">
      <Filter>Header Files</Filter>
    </ClInclude>
    <ClInclude Include="include\glm\gtx\fast_trigonometry.hpp">
      <Filter>Header Files</Filter>
    </ClInclude>
    <ClInclude Include="include\glm\gtx\functions.hpp">
      <Filter>Header Files</Filter>
    </ClInclude>
    <ClInclude Include="include\glm\gtx\gradient_paint.hpp">
      <Filter>Header Files</Filter>
    </ClInclude>
    <ClInclude Include="include\glm\gtx\handed_coordinate_space.hpp">
      <Filter>Header Files</Filter>
    </ClInclude>
    <ClInclude Include="include\glm\gtx\hash.hpp">
      <Filter>Header Files</Filter>
    </ClInclude>
    <ClInclude Include="include\glm\gtx\integer.hpp">
      <Filter>Header Files</Filter>
    </ClInclude>
    <ClInclude Include="include\glm\gtx\intersect.hpp">
      <Filter>Header Files</Filter>
    </ClInclude>
    <ClInclude Include="include\glm\gtx\io.hpp">
      <Filter>Header Files</Filter>
    </ClInclude>
    <ClInclude Include="include\glm\gtx\log_base.hpp">
      <Filter>Header Files</Filter>
    </ClInclude>
    <ClInclude Include="include\glm\gtx\matrix_cross_product.hpp">
      <Filter>Header Files</Filter>
    </ClInclude>
    <ClInclude Include="include\glm\gtx\matrix_decompose.hpp">
      <Filter>Header Files</Filter>
    </ClInclude>
    <ClInclude Include="include\glm\gtx\matrix_factorisation.hpp">
      <Filter>Header Files</Filter>
    </ClInclude>
    <ClInclude Include="include\glm\gtx\matrix_interpolation.hpp">
      <Filter>Header Files</Filter>
    </ClInclude>
    <ClInclude Include="include\glm\gtx\matrix_major_storage.hpp">
      <Filter>Header Files</Filter>
    </ClInclude>
    <ClInclude Include="include\glm\gtx\matrix_operation.hpp">
      <Filter>Header Files</Filter>
    </ClInclude>
    <ClInclude Include="include\glm\gtx\matrix_query.hpp">
      <Filter>Header Files</Filter>
    </ClInclude>
    <ClInclude Include="include\glm\gtx\matrix_transform_2d.hpp">
      <Filter>Header Files</Filter>
    </ClInclude>
    <ClInclude Include="include\glm\gtx\mixed_product.hpp">
      <Filter>Header Files</Filter>
    </ClInclude>
    <ClInclude Include="include\glm\gtx\norm.hpp">
      <Filter>Header Files</Filter>
    </ClInclude>
    <ClInclude Include="include\glm\gtx\normal.hpp">
      <Filter>Header Files</Filter>
    </ClInclude>
    <ClInclude Include="include\glm\gtx\normalize_dot.hpp">
      <Filter>Header Files</Filter>
    </ClInclude>
    <ClInclude Include="include\glm\gtx\number_precision.hpp">
      <Filter>Header Files</Filter>
    </ClInclude>
    <ClInclude Include="include\glm\gtx\optimum_pow.hpp">
      <Filter>Header Files</Filter>
    </ClInclude>
    <ClInclude Include="include\glm\gtx\orthonormalize.hpp">
      <Filter>Header Files</Filter>
    </ClInclude>
    <ClInclude Include="include\glm\gtx\perpendicular.hpp">
      <Filter>Header Files</Filter>
    </ClInclude>
    <ClInclude Include="include\glm\gtx\polar_coordinates.hpp">
      <Filter>Header Files</Filter>
    </ClInclude>
    <ClInclude Include="include\glm\gtx\projection.hpp">
      <Filter>Header Files</Filter>
    </ClInclude>
    <ClInclude Include="include\glm\gtx\quaternion.hpp">
      <Filter>Header Files</Filter>
    </ClInclude>
    <ClInclude Include="include\glm\gtx\range.hpp">
      <Filter>Header Files</Filter>
    </ClInclude>
    <ClInclude Include="include\glm\gtx\raw_data.hpp">
      <Filter>Header Files</Filter>
    </ClInclude>
    <ClInclude Include="include\glm\gtx\rotate_normalized_axis.hpp">
      <Filter>Header Files</Filter>
    </ClInclude>
    <ClInclude Include="include\glm\gtx\rotate_vector.hpp">
      <Filter>Header Files</Filter>
    </ClInclude>
    <ClInclude Include="include\glm\gtx\scalar_multiplication.hpp">
      <Filter>Header Files</Filter>
    </ClInclude>
    <ClInclude Include="include\glm\gtx\scalar_relational.hpp">
      <Filter>Header Files</Filter>
    </ClInclude>
    <ClInclude Include="include\glm\gtx\spline.hpp">
      <Filter>Header Files</Filter>
    </ClInclude>
    <ClInclude Include="include\glm\gtx\std_based_type.hpp">
      <Filter>Header Files</Filter>
    </ClInclude>
    <ClInclude Include="include\glm\gtx\string_cast.hpp">
      <Filter>Header Files</Filter>
    </ClInclude>
    <ClInclude Include="include\glm\gtx\texture.hpp">
      <Filter>Header Files</Filter>
    </ClInclude>
    <ClInclude Include="include\glm\gtx\transform.hpp">
      <Filter>Header Files</Filter>
    </ClInclude>
    <ClInclude Include="include\glm\gtx\transform2.hpp">
      <Filter>Header Files</Filter>
    </ClInclude>
    <ClInclude Include="include\glm\gtx\type_aligned.hpp">
      <Filter>Header Files</Filter>
    </ClInclude>
    <ClInclude Include="include\glm\gtx\type_trait.hpp">
      <Filter>Header Files</Filter>
    </ClInclude>
    <ClInclude Include="include\glm\gtx\vector_angle.hpp">
      <Filter>Header Files</Filter>
    </ClInclude>
    <ClInclude Include="include\glm\gtx\vec_swizzle.hpp">
      <Filter>Header Files</Filter>
    </ClInclude>
    <ClInclude Include="include\glm\gtx\vector_query.hpp">
      <Filter>Header Files</Filter>
    </ClInclude>
    <ClInclude Include="include\glm\gtx\wrap.hpp">
      <Filter>Header Files</Filter>
    </ClInclude>
    <ClInclude Include="include\glm\ext\matrix_clip_space.hpp">
      <Filter>Header Files</Filter>
    </ClInclude>
    <ClInclude Include="include\glm\ext\matrix_common.hpp">
      <Filter>Header Files</Filter>
    </ClInclude>
    <ClInclude Include="include\glm\ext\matrix_double2x2_precision.hpp">
      <Filter>Header Files</Filter>
    </ClInclude>
    <ClInclude Include="include\glm\ext\matrix_double2x2.hpp">
      <Filter>Header Files</Filter>
    </ClInclude>
    <ClInclude Include="include\glm\ext\matrix_double2x3_precision.hpp">
      <Filter>Header Files</Filter>
    </ClInclude>
    <ClInclude Include="include\glm\ext\matrix_double2x3.hpp">
      <Filter>Header Files</Filter>
    </ClInclude>
    <ClInclude Include="include\glm\ext\matrix_double2x4_precision.hpp">
      <Filter>Header Files</Filter>
    </ClInclude>
    <ClInclude Include="include\glm\ext\matrix_double2x4.hpp">
      <Filter>Header Files</Filter>
    </ClInclude>
    <ClInclude Include="include\glm\ext\matrix_double3x2.hpp">
      <Filter>Header Files</Filter>
    </ClInclude>
    <ClInclude Include="include\glm\ext\matrix_double3x2_precision.hpp">
      <Filter>Header Files</Filter>
    </ClInclude>
    <ClInclude Include="include\glm\ext\matrix_double3x3.hpp">
      <Filter>Header Files</Filter>
    </ClInclude>
    <ClInclude Include="include\glm\ext\matrix_double3x3_precision.hpp">
      <Filter>Header Files</Filter>
    </ClInclude>
    <ClInclude Include="include\glm\ext\matrix_double3x4.hpp">
      <Filter>Header Files</Filter>
    </ClInclude>
    <ClInclude Include="include\glm\ext\matrix_double3x4_precision.hpp">
      <Filter>Header Files</Filter>
    </ClInclude>
    <ClInclude Include="include\glm\ext\matrix_double4x2.hpp">
      <Filter>Header Files</Filter>
    </ClInclude>
    <ClInclude Include="include\glm\ext\matrix_double4x2_precision.hpp">
      <Filter>Header Files</Filter>
    </ClInclude>
    <ClInclude Include="include\glm\ext\matrix_double4x3.hpp">
      <Filter>Header Files</Filter>
    </ClInclude>
    <ClInclude Include="include\glm\ext\matrix_double4x3_precision.hpp">
      <Filter>Header Files</Filter>
    </ClInclude>
    <ClInclude Include="include\glm\ext\matrix_double4x4.hpp">
      <Filter>Header Files</Filter>
    </ClInclude>
    <ClInclude Include="include\glm\ext\matrix_double4x4_precision.hpp">
      <Filter>Header Files</Filter>
    </ClInclude>
    <ClInclude Include="include\glm\ext\matrix_float2x2.hpp">
      <Filter>Header Files</Filter>
    </ClInclude>
    <ClInclude Include="include\glm\ext\matrix_float2x2_precision.hpp">
      <Filter>Header Files</Filter>
    </ClInclude>
    <ClInclude Include="include\glm\ext\matrix_float2x3.hpp">
      <Filter>Header Files</Filter>
    </ClInclude>
    <ClInclude Include="include\glm\ext\matrix_float2x3_precision.hpp">
      <Filter>Header Files</Filter>
    </ClInclude>
    <ClInclude Include="include\glm\ext\matrix_float2x4.hpp">
      <Filter>Header Files</Filter>
    </ClInclude>
    <ClInclude Include="include\glm\ext\matrix_float2x4_precision.hpp">
      <Filter>Header Files</Filter>
    </ClInclude>
    <ClInclude Include="include\glm\ext\matrix_float3x2.hpp">
      <Filter>Header Files</Filter>
    </ClInclude>
    <ClInclude Include="include\glm\ext\matrix_float3x2_precision.hpp">
      <Filter>Header Files</Filter>
    </ClInclude>
    <ClInclude Include="include\glm\ext\matrix_float3x3.hpp">
      <Filter>Header Files</Filter>
    </ClInclude>
    <ClInclude Include="include\glm\ext\matrix_float3x3_precision.hpp">
      <Filter>Header Files</Filter>
    </ClInclude>
    <ClInclude Include="include\glm\ext\matrix_float3x4.hpp">
      <Filter>Header Files</Filter>
    </ClInclude>
    <ClInclude Include="include\glm\ext\matrix_float3x4_precision.hpp">
      <Filter>Header Files</Filter>
    </ClInclude>
    <ClInclude Include="include\glm\ext\matrix_float4x2.hpp">
      <Filter>Header Files</Filter>
    </ClInclude>
    <ClInclude Include="include\glm\ext\matrix_float4x2_precision.hpp">
      <Filter>Header Files</Filter>
    </ClInclude>
    <ClInclude Include="include\glm\ext\matrix_float4x3.hpp">
      <Filter>Header Files</Filter>
    </ClInclude>
    <ClInclude Include="include\glm\ext\matrix_float4x3_precision.hpp">
      <Filter>Header Files</Filter>
    </ClInclude>
    <ClInclude Include="include\glm\ext\matrix_float4x4.hpp">
      <Filter>Header Files</Filter>
    </ClInclude>
    <ClInclude Include="include\glm\ext\matrix_float4x4_precision.hpp">
      <Filter>Header Files</Filter>
    </ClInclude>
    <ClInclude Include="include\glm\ext\matrix_int2x2.hpp">
      <Filter>Header Files</Filter>
    </ClInclude>
    <ClInclude Include="include\glm\ext\matrix_int2x2_sized.hpp">
      <Filter>Header Files</Filter>
    </ClInclude>
    <ClInclude Include="include\glm\ext\matrix_int2x3.hpp">
      <Filter>Header Files</Filter>
    </ClInclude>
    <ClInclude Include="include\glm\ext\matrix_int2x3_sized.hpp">
      <Filter>Header Files</Filter>
    </ClInclude>
    <ClInclude Include="include\glm\ext\matrix_int2x4.hpp">
      <Filter>Header Files</Filter>
    </ClInclude>
    <ClInclude Include="include\glm\ext\matrix_int2x4_sized.hpp">
      <Filter>Header Files</Filter>
    </ClInclude>
    <ClInclude Include="include\glm\ext\matrix_int3x2.hpp">
      <Filter>Header Files</Filter>
    </ClInclude>
    <ClInclude Include="include\glm\ext\matrix_int3x2_sized.hpp">
      <Filter>Header Files</Filter>
    </ClInclude>
    <ClInclude Include="include\glm\ext\matrix_int3x3.hpp">
      <Filter>Header Files</Filter>
    </ClInclude>
    <ClInclude Include="include\glm\ext\matrix_int3x3_sized.hpp">
      <Filter>Header Files</Filter>
    </ClInclude>
    <ClInclude Include="include\glm\ext\matrix_int3x4.hpp">
      <Filter>Header Files</Filter>
    </ClInclude>
    <ClInclude Include="include\glm\ext\matrix_int3x4_sized.hpp">
      <Filter>Header Files</Filter>
    </ClInclude>
    <ClInclude Include="include\glm\ext\matrix_int4x2.hpp">
      <Filter>Header Files</Filter>
    </ClInclude>
    <ClInclude Include="include\glm\ext\matrix_int4x2_sized.hpp">
      <Filter>Header Files</Filter>
    </ClInclude>
    <ClInclude Include="include\glm\ext\matrix_int4x3.hpp">
      <Filter>Header Files</Filter>
    </ClInclude>
    <ClInclude Include="include\glm\ext\matrix_int4x3_sized.hpp">
      <Filter>Header Files</Filter>
    </ClInclude>
    <ClInclude Include="include\glm\ext\matrix_int4x4.hpp">
      <Filter>Header Files</Filter>
    </ClInclude>
    <ClInclude Include="include\glm\ext\matrix_int4x4_sized.hpp">
      <Filter>Header Files</Filter>
    </ClInclude>
    <ClInclude Include="include\glm\ext\matrix_projection.hpp">
      <Filter>Header Files</Filter>
    </ClInclude>
    <ClInclude Include="include\glm\ext\matrix_relational.hpp">
      <Filter>Header Files</Filter>
    </ClInclude>
    <ClInclude Include="include\glm\ext\matrix_transform.hpp">
      <Filter>Header Files</Filter>
    </ClInclude>
    <ClInclude Include="include\glm\ext\matrix_uint2x2.hpp">
      <Filter>Header Files</Filter>
    </ClInclude>
    <ClInclude Include="include\glm\ext\matrix_uint2x2_sized.hpp">
      <Filter>Header Files</Filter>
    </ClInclude>
    <ClInclude Include="include\glm\ext\matrix_uint2x3.hpp">
      <Filter>Header Files</Filter>
    </ClInclude>
    <ClInclude Include="include\glm\ext\matrix_uint2x3_sized.hpp">
      <Filter>Header Files</Filter>
    </ClInclude>
    <ClInclude Include="include\glm\ext\matrix_uint2x4.hpp">
      <Filter>Header Files</Filter>
    </ClInclude>
    <ClInclude Include="include\glm\ext\matrix_uint2x4_sized.hpp">
      <Filter>Header Files</Filter>
    </ClInclude>
    <ClInclude Include="include\glm\ext\matrix_uint3x2.hpp">
      <Filter>Header Files</Filter>
    </ClInclude>
    <ClInclude Include="include\glm\ext\matrix_uint3x2_sized.hpp">
      <Filter>Header Files</Filter>
    </ClInclude>
    <ClInclude Include="include\glm\ext\matrix_uint3x3.hpp">
      <Filter>Header Files</Filter>
    </ClInclude>
    <ClInclude Include="include\glm\ext\matrix_uint3x3_sized.hpp">
      <Filter>Header Files</Filter>
    </ClInclude>
    <ClInclude Include="include\glm\ext\matrix_uint3x4.hpp">
      <Filter>Header Files</Filter>
    </ClInclude>
    <ClInclude Include="include\glm\ext\matrix_uint3x4_sized.hpp">
      <Filter>Header Files</Filter>
    </ClInclude>
    <ClInclude Include="include\glm\ext\matrix_uint4x2.hpp">
      <Filter>Header Files</Filter>
    </ClInclude>
    <ClInclude Include="include\glm\ext\matrix_uint4x2_sized.hpp">
      <Filter>Header Files</Filter>
    </ClInclude>
    <ClInclude Include="include\glm\ext\matrix_uint4x3.hpp">
      <Filter>Header Files</Filter>
    </ClInclude>
    <ClInclude Include="include\glm\ext\matrix_uint4x3_sized.hpp">
      <Filter>Header Files</Filter>
    </ClInclude>
    <ClInclude Include="include\glm\ext\matrix_uint4x4.hpp">
      <Filter>Header Files</Filter>
    </ClInclude>
    <ClInclude Include="include\glm\ext\matrix_uint4x4_sized.hpp">
      <Filter>Header Files</Filter>
    </ClInclude>
    <ClInclude Include="include\glm\ext\quaternion_common.hpp">
      <Filter>Header Files</Filter>
    </ClInclude>
    <ClInclude Include="include\glm\ext\quaternion_double.hpp">
      <Filter>Header Files</Filter>
    </ClInclude>
    <ClInclude Include="include\glm\ext\quaternion_double_precision.hpp">
      <Filter>Header Files</Filter>
    </ClInclude>
    <ClInclude Include="include\glm\ext\quaternion_exponential.hpp">
      <Filter>Header Files</Filter>
    </ClInclude>
    <ClInclude Include="include\glm\ext\quaternion_float.hpp">
      <Filter>Header Files</Filter>
    </ClInclude>
    <ClInclude Include="include\glm\ext\quaternion_float_precision.hpp">
      <Filter>Header Files</Filter>
    </ClInclude>
    <ClInclude Include="include\glm\ext\quaternion_geometric.hpp">
      <Filter>Header Files</Filter>
    </ClInclude>
    <ClInclude Include="include\glm\ext\quaternion_relational.hpp">
      <Filter>Header Files</Filter>
    </ClInclude>
    <ClInclude Include="include\glm\ext\quaternion_transform.hpp">
      <Filter>Header Files</Filter>
    </ClInclude>
    <ClInclude Include="include\glm\ext\quaternion_trigonometric.hpp">
      <Filter>Header Files</Filter>
    </ClInclude>
    <ClInclude Include="include\glm\ext\scalar_common.hpp">
      <Filter>Header Files</Filter>
    </ClInclude>
    <ClInclude Include="include\glm\ext\scalar_constants.hpp">
      <Filter>Header Files</Filter>
    </ClInclude>
    <ClInclude Include="include\glm\ext\scalar_int_sized.hpp">
      <Filter>Header Files</Filter>
    </ClInclude>
    <ClInclude Include="include\glm\ext\scalar_integer.hpp">
      <Filter>Header Files</Filter>
    </ClInclude>
    <ClInclude Include="include\glm\ext\scalar_packing.hpp">
      <Filter>Header Files</Filter>
    </ClInclude>
    <ClInclude Include="include\glm\ext\scalar_relational.hpp">
      <Filter>Header Files</Filter>
    </ClInclude>
    <ClInclude Include="include\glm\ext\scalar_uint_sized.hpp">
      <Filter>Header Files</Filter>
    </ClInclude>
    <ClInclude Include="include\glm\ext\scalar_ulp.hpp">
      <Filter>Header Files</Filter>
    </ClInclude>
    <ClInclude Include="include\glm\ext\vector_bool1.hpp">
      <Filter>Header Files</Filter>
    </ClInclude>
    <ClInclude Include="include\glm\ext\vector_bool1_precision.hpp">
      <Filter>Header Files</Filter>
    </ClInclude>
    <ClInclude Include="include\glm\ext\vector_bool2.hpp">
      <Filter>Header Files</Filter>
    </ClInclude>
    <ClInclude Include="include\glm\ext\vector_bool2_precision.hpp">
      <Filter>Header Files</Filter>
    </ClInclude>
    <ClInclude Include="include\glm\ext\vector_bool3.hpp">
      <Filter>Header Files</Filter>
    </ClInclude>
    <ClInclude Include="include\glm\ext\vector_bool3_precision.hpp">
      <Filter>Header Files</Filter>
    </ClInclude>
    <ClInclude Include="include\glm\ext\vector_bool4.hpp">
      <Filter>Header Files</Filter>
    </ClInclude>
    <ClInclude Include="include\glm\ext\vector_bool4_precision.hpp">
      <Filter>Header Files</Filter>
    </ClInclude>
    <ClInclude Include="include\glm\ext\vector_common.hpp">
      <Filter>Header Files</Filter>
    </ClInclude>
    <ClInclude Include="include\glm\ext\vector_double1.hpp">
      <Filter>Header Files</Filter>
    </ClInclude>
    <ClInclude Include="include\glm\ext\vector_double1_precision.hpp">
      <Filter>Header Files</Filter>
    </ClInclude>
    <ClInclude Include="include\glm\ext\vector_double2.hpp">
      <Filter>Header Files</Filter>
    </ClInclude>
    <ClInclude Include="include\glm\ext\vector_double2_precision.hpp">
      <Filter>Header Files</Filter>
    </ClInclude>
    <ClInclude Include="include\glm\ext\vector_double3.hpp">
      <Filter>Header Files</Filter>
    </ClInclude>
    <ClInclude Include="include\glm\ext\vector_double3_precision.hpp">
      <Filter>Header Files</Filter>
    </ClInclude>
    <ClInclude Include="include\glm\ext\vector_double4.hpp">
      <Filter>Header Files</Filter>
    </ClInclude>
    <ClInclude Include="include\glm\ext\vector_double4_precision.hpp">
      <Filter>Header Files</Filter>
    </ClInclude>
    <ClInclude Include="include\glm\ext\vector_float1.hpp">
      <Filter>Header Files</Filter>
    </ClInclude>
    <ClInclude Include="include\glm\ext\vector_float1_precision.hpp">
      <Filter>Header Files</Filter>
    </ClInclude>
    <ClInclude Include="include\glm\ext\vector_float2.hpp">
      <Filter>Header Files</Filter>
    </ClInclude>
    <ClInclude Include="include\glm\ext\vector_float2_precision.hpp">
      <Filter>Header Files</Filter>
    </ClInclude>
    <ClInclude Include="include\glm\ext\vector_float3.hpp">
      <Filter>Header Files</Filter>
    </ClInclude>
    <ClInclude Include="include\glm\ext\vector_float3_precision.hpp">
      <Filter>Header Files</Filter>
    </ClInclude>
    <ClInclude Include="include\glm\ext\vector_float4.hpp">
      <Filter>Header Files</Filter>
    </ClInclude>
    <ClInclude Include="include\glm\ext\vector_float4_precision.hpp">
      <Filter>Header Files</Filter>
    </ClInclude>
    <ClInclude Include="include\glm\ext\vector_int1.hpp">
      <Filter>Header Files</Filter>
    </ClInclude>
    <ClInclude Include="include\glm\ext\vector_int1_sized.hpp">
      <Filter>Header Files</Filter>
    </ClInclude>
    <ClInclude Include="include\glm\ext\vector_int2.hpp">
      <Filter>Header Files</Filter>
    </ClInclude>
    <ClInclude Include="include\glm\ext\vector_int2_sized.hpp">
      <Filter>Header Files</Filter>
    </ClInclude>
    <ClInclude Include="include\glm\ext\vector_int3.hpp">
      <Filter>Header Files</Filter>
    </ClInclude>
    <ClInclude Include="include\glm\ext\vector_int3_sized.hpp">
      <Filter>Header Files</Filter>
    </ClInclude>
    <ClInclude Include="include\glm\ext\vector_int4.hpp">
      <Filter>Header Files</Filter>
    </ClInclude>
    <ClInclude Include="include\glm\ext\vector_int4_sized.hpp">
      <Filter>Header Files</Filter>
    </ClInclude>
    <ClInclude Include="include\glm\ext\vector_integer.hpp">
      <Filter>Header Files</Filter>
    </ClInclude>
    <ClInclude Include="include\glm\ext\vector_packing.hpp">
      <Filter>Header Files</Filter>
    </ClInclude>
    <ClInclude Include="include\glm\ext\vector_relational.hpp">
      <Filter>Header Files</Filter>
    </ClInclude>
    <ClInclude Include="include\glm\ext\vector_uint1.hpp">
      <Filter>Header Files</Filter>
    </ClInclude>
    <ClInclude Include="include\glm\ext\vector_uint1_sized.hpp">
      <Filter>Header Files</Filter>
    </ClInclude>
    <ClInclude Include="include\glm\ext\vector_uint2.hpp">
      <Filter>Header Files</Filter>
    </ClInclude>
    <ClInclude Include="include\glm\ext\vector_uint2_sized.hpp">
      <Filter>Header Files</Filter>
    </ClInclude>
    <ClInclude Include="include\glm\ext\vector_uint3.hpp">
      <Filter>Header Files</Filter>
    </ClInclude>
    <ClInclude Include="include\glm\ext\vector_uint3_sized.hpp">
      <Filter>Header Files</Filter>
    </ClInclude>
    <ClInclude Include="include\glm\ext\vector_uint4.hpp">
      <Filter>Header Files</Filter>
    </ClInclude>
    <ClInclude Include="include\glm\ext\vector_uint4_sized.hpp">
      <Filter>Header Files</Filter>
    </ClInclude>
    <ClInclude Include="include\glm\ext\vector_ulp.hpp">
      <Filter>Header Files</Filter>
    </ClInclude>
    <ClInclude Include="include\glm\gtc\bitfield.hpp">
      <Filter>Header Files</Filter>
    </ClInclude>
    <ClInclude Include="include\glm\gtc\color_space.hpp">
      <Filter>Header Files</Filter>
    </ClInclude>
    <ClInclude Include="include\glm\gtc\constants.hpp">
      <Filter>Header Files</Filter>
    </ClInclude>
    <ClInclude Include="include\glm\gtc\epsilon.hpp">
      <Filter>Header Files</Filter>
    </ClInclude>
    <ClInclude Include="include\glm\gtc\integer.hpp">
      <Filter>Header Files</Filter>
    </ClInclude>
    <ClInclude Include="include\glm\gtc\matrix_access.hpp">
      <Filter>Header Files</Filter>
    </ClInclude>
    <ClInclude Include="include\glm\gtc\matrix_integer.hpp">
      <Filter>Header Files</Filter>
    </ClInclude>
    <ClInclude Include="include\glm\gtc\matrix_inverse.hpp">
      <Filter>Header Files</Filter>
    </ClInclude>
    <ClInclude Include="include\glm\gtc\matrix_transform.hpp">
      <Filter>Header Files</Filter>
    </ClInclude>
    <ClInclude Include="include\glm\gtc\noise.hpp">
      <Filter>Header Files</Filter>
    </ClInclude>
    <ClInclude Include="include\glm\gtc\packing.hpp">
      <Filter>Header Files</Filter>
    </ClInclude>
    <ClInclude Include="include\glm\gtc\quaternion.hpp">
      <Filter>Header Files</Filter>
    </ClInclude>
    <ClInclude Include="include\glm\gtc\random.hpp">
      <Filter>Header Files</Filter>
    </ClInclude>
    <ClInclude Include="include\glm\gtc\reciprocal.hpp">
      <Filter>Header Files</Filter>
    </ClInclude>
    <ClInclude Include="include\glm\gtc\round.hpp">
      <Filter>Header Files</Filter>
    </ClInclude>
    <ClInclude Include="include\glm\gtc\type_aligned.hpp">
      <Filter>Header Files</Filter>
    </ClInclude>
    <ClInclude Include="include\glm\gtc\type_precision.hpp">
      <Filter>Header Files</Filter>
    </ClInclude>
    <ClInclude Include="include\glm\gtc\type_ptr.hpp">
      <Filter>Header Files</Filter>
    </ClInclude>
    <ClInclude Include="include\glm\gtc\ulp.hpp">
      <Filter>Header Files</Filter>
    </ClInclude>
    <ClInclude Include="include\glm\gtc\vec1.hpp">
      <Filter>Header Files</Filter>
    </ClInclude>
    <ClInclude Include="include\KHR\khrplatform.h">
      <Filter>Header Files</Filter>
    </ClInclude>
    <ClInclude Include="include\nlohmann\adl_serializer.hpp">
      <Filter>Header Files</Filter>
    </ClInclude>
    <ClInclude Include="include\nlohmann\byte_container_with_subtype.hpp">
      <Filter>Header Files</Filter>
    </ClInclude>
    <ClInclude Include="include\nlohmann\json.hpp">
      <Filter>Header Files</Filter>
    </ClInclude>
    <ClInclude Include="include\nlohmann\json_fwd.hpp">
      <Filter>Header Files</Filter>
    </ClInclude>
    <ClInclude Include="include\nlohmann\ordered_map.hpp">
      <Filter>Header Files</Filter>
    </ClInclude>
    <ClInclude Include="include\nlohmann\detail\exceptions.hpp">
      <Filter>Header Files</Filter>
    </ClInclude>
    <ClInclude Include="include\nlohmann\detail\hash.hpp">
      <Filter>Header Files</Filter>
    </ClInclude>
    <ClInclude Include="include\nlohmann\detail\json_pointer.hpp">
      <Filter>Header Files</Filter>
    </ClInclude>
    <ClInclude Include="include\nlohmann\detail\json_ref.hpp">
      <Filter>Header Files</Filter>
    </ClInclude>
    <ClInclude Include="include\nlohmann\detail\macro_scope.hpp">
      <Filter>Header Files</Filter>
    </ClInclude>
    <ClInclude Include="include\nlohmann\detail\macro_unscope.hpp">
      <Filter>Header Files</Filter>
    </ClInclude>
    <ClInclude Include="include\nlohmann\detail\string_escape.hpp">
      <Filter>Header Files</Filter>
    </ClInclude>
    <ClInclude Include="include\nlohmann\detail\value_t.hpp">
      <Filter>Header Files</Filter>
    </ClInclude>
    <ClInclude Include="include\nlohmann\detail\output\binary_writer.hpp">
      <Filter>Header Files</Filter>
    </ClInclude>
    <ClInclude Include="include\nlohmann\detail\output\output_adapters.hpp">
      <Filter>Header Files</Filter>
    </ClInclude>
    <ClInclude Include="include\nlohmann\detail\output\serializer.hpp">
      <Filter>Header Files</Filter>
    </ClInclude>
    <ClInclude Include="include\nlohmann\detail\meta\cpp_future.hpp">
      <Filter>Header Files</Filter>
    </ClInclude>
    <ClInclude Include="include\nlohmann\detail\meta\detected.hpp">
      <Filter>Header Files</Filter>
    </ClInclude>
    <ClInclude Include="include\nlohmann\detail\meta\identity_tag.hpp">
      <Filter>Header Files</Filter>
    </ClInclude>
    <ClInclude Include="include\nlohmann\detail\meta\is_sax.hpp">
      <Filter>Header Files</Filter>
    </ClInclude>
    <ClInclude Include="include\nlohmann\detail\meta\type_traits.hpp">
      <Filter>Header Files</Filter>
    </ClInclude>
    <ClInclude Include="include\nlohmann\detail\meta\void_t.hpp">
      <Filter>Header Files</Filter>
    </ClInclude>
    <ClInclude Include="include\nlohmann\detail\input\binary_reader.hpp">
      <Filter>Header Files</Filter>
    </ClInclude>
    <ClInclude Include="include\nlohmann\detail\input\input_adapters.hpp">
      <Filter>Header Files</Filter>
    </ClInclude>
    <ClInclude Include="include\nlohmann\detail\input\json_sax.hpp">
      <Filter>Header Files</Filter>
    </ClInclude>
    <ClInclude Include="include\nlohmann\detail\input\lexer.hpp">
      <Filter>Header Files</Filter>
    </ClInclude>
    <ClInclude Include="include\nlohmann\detail\input\parser.hpp">
      <Filter>Header Files</Filter>
    </ClInclude>
    <ClInclude Include="include\nlohmann\detail\input\position_t.hpp">
      <Filter>Header Files</Filter>
    </ClInclude>
    <ClInclude Include="include\nlohmann\detail\iterators\internal_iterator.hpp">
      <Filter>Header Files</Filter>
    </ClInclude>
    <ClInclude Include="include\nlohmann\detail\iterators\iter_impl.hpp">
      <Filter>Header Files</Filter>
    </ClInclude>
    <ClInclude Include="include\nlohmann\detail\iterators\iteration_proxy.hpp">
      <Filter>Header Files</Filter>
    </ClInclude>
    <ClInclude Include="include\nlohmann\detail\iterators\iterator_traits.hpp">
      <Filter>Header Files</Filter>
    </ClInclude>
    <ClInclude Include="include\nlohmann\detail\iterators\json_reverse_iterator.hpp">
      <Filter>Header Files</Filter>
    </ClInclude>
    <ClInclude Include="include\nlohmann\detail\iterators\primitive_iterator.hpp">
      <Filter>Header Files</Filter>
    </ClInclude>
    <ClInclude Include="include\nlohmann\detail\conversions\from_json.hpp">
      <Filter>Header Files</Filter>
    </ClInclude>
    <ClInclude Include="include\nlohmann\detail\conversions\to_chars.hpp">
      <Filter>Header Files</Filter>
    </ClInclude>
    <ClInclude Include="include\nlohmann\detail\conversions\to_json.hpp">
      <Filter>Header Files</Filter>
    </ClInclude>
    <ClInclude Include="include\nlohmann\thirdparty\hedley\hedley.hpp">
      <Filter>Header Files</Filter>
    </ClInclude>
    <ClInclude Include="include\nlohmann\thirdparty\hedley\hedley_undef.hpp">
      <Filter>Header Files</Filter>
    </ClInclude>
    <ClInclude Include="include\bass\bass.h">
      <Filter>Header Files</Filter>
    </ClInclude>
    <ClInclude Include="src\logic\AudioClip.h">
      <Filter>Header Files</Filter>
    </ClInclude>
    <ClInclude Include="src\logic\Shape.h">
      <Filter>Header Files</Filter>
    </ClInclude>
    <ClInclude Include="src\logic\ShapeManager.h">
      <Filter>Header Files</Filter>
    </ClInclude>
    <ClInclude Include="src\logic\DataManager.h">
      <Filter>Header Files</Filter>
    </ClInclude>
    <ClInclude Include="src\logic\Level.h">
      <Filter>Header Files</Filter>
    </ClInclude>
    <ClInclude Include="src\rendering\ComputeShader.h">
      <Filter>Header Files</Filter>
    </ClInclude>
    <ClInclude Include="src\rendering\Texture2D.h">
      <Filter>Header Files</Filter>
    </ClInclude>
    <ClInclude Include="src\logic\LevelCreateInfo.h">
      <Filter>Header Files</Filter>
    </ClInclude>
    <ClInclude Include="include\discord\achievement_manager.h">
      <Filter>Header Files</Filter>
    </ClInclude>
    <ClInclude Include="include\discord\activity_manager.h">
      <Filter>Header Files</Filter>
    </ClInclude>
    <ClInclude Include="include\discord\application_manager.h">
      <Filter>Header Files</Filter>
    </ClInclude>
    <ClInclude Include="include\discord\core.h">
      <Filter>Header Files</Filter>
    </ClInclude>
    <ClInclude Include="include\discord\discord.h">
      <Filter>Header Files</Filter>
    </ClInclude>
    <ClInclude Include="include\discord\event.h">
      <Filter>Header Files</Filter>
    </ClInclude>
    <ClInclude Include="include\discord\ffi.h">
      <Filter>Header Files</Filter>
    </ClInclude>
    <ClInclude Include="include\discord\image_manager.h">
      <Filter>Header Files</Filter>
    </ClInclude>
    <ClInclude Include="include\discord\lobby_manager.h">
      <Filter>Header Files</Filter>
    </ClInclude>
    <ClInclude Include="include\discord\network_manager.h">
      <Filter>Header Files</Filter>
    </ClInclude>
    <ClInclude Include="include\discord\overlay_manager.h">
      <Filter>Header Files</Filter>
    </ClInclude>
    <ClInclude Include="include\discord\relationship_manager.h">
      <Filter>Header Files</Filter>
    </ClInclude>
    <ClInclude Include="include\discord\storage_manager.h">
      <Filter>Header Files</Filter>
    </ClInclude>
    <ClInclude Include="include\discord\store_manager.h">
      <Filter>Header Files</Filter>
    </ClInclude>
    <ClInclude Include="include\discord\types.h">
      <Filter>Header Files</Filter>
    </ClInclude>
    <ClInclude Include="include\discord\user_manager.h">
      <Filter>Header Files</Filter>
    </ClInclude>
    <ClInclude Include="include\discord\voice_manager.h">
      <Filter>Header Files</Filter>
    </ClInclude>
    <ClInclude Include="src\logic\DiscordManager.h">
      <Filter>Header Files</Filter>
    </ClInclude>
    <ClInclude Include="src\logic\LevelEventType.h">
      <Filter>Header Files</Filter>
    </ClInclude>
    <ClInclude Include="src\logic\animation\Sequence.h">
      <Filter>Header Files</Filter>
    </ClInclude>
    <ClInclude Include="src\logic\AnimationChannel.h">
      <Filter>Header Files</Filter>
    </ClInclude>
    <ClInclude Include="src\logic\AnimationChannelType.h">
      <Filter>Header Files</Filter>
    </ClInclude>
    <ClInclude Include="src\logic\LevelEvent.h">
      <Filter>Header Files</Filter>
    </ClInclude>
    <ClInclude Include="src\logic\Events.h">
      <Filter>Header Files</Filter>
    </ClInclude>
    <ClInclude Include="src\logic\animation\EaseType.h">
      <Filter>Header Files</Filter>
    </ClInclude>
    <ClInclude Include="src\rendering\PostProcessing\Bloom.h">
      <Filter>Header Files</Filter>
    </ClInclude>
    <ClInclude Include="src\rendering\PostProcessing\PostProcessor.h">
      <Filter>Header Files</Filter>
    </ClInclude>
    <ClInclude Include="src\rendering\GlobalConstants.h">
      <Filter>Header Files</Filter>
    </ClInclude>
    <ClInclude Include="src\rendering\PostProcessing\Tonemapping.h">
      <Filter>Header Files</Filter>
    </ClInclude>
    <ClInclude Include="src\logic\imgui\imgui_editorlib.h">
      <Filter>Header Files</Filter>
    </ClInclude>
    <ClInclude Include="include\utils.h">
      <Filter>Header Files</Filter>
    </ClInclude>
    <ClInclude Include="src\rendering\DrawCommand.h">
      <Filter>Header Files</Filter>
    </ClInclude>
    <ClInclude Include="src\logic\DebugMenu.h">
      <Filter>Header Files</Filter>
    </ClInclude>
    <ClInclude Include="include\helper.h">
      <Filter>Header Files</Filter>
    </ClInclude>
    <ClInclude Include="include\stb\stb_c_lexer.h">
      <Filter>Header Files</Filter>
    </ClInclude>
    <ClInclude Include="include\stb\stb_connected_components.h">
      <Filter>Header Files</Filter>
    </ClInclude>
    <ClInclude Include="include\stb\stb_divide.h">
      <Filter>Header Files</Filter>
    </ClInclude>
    <ClInclude Include="include\stb\stb_ds.h">
      <Filter>Header Files</Filter>
    </ClInclude>
    <ClInclude Include="include\stb\stb_dxt.h">
      <Filter>Header Files</Filter>
    </ClInclude>
    <ClInclude Include="include\stb\stb_easy_font.h">
      <Filter>Header Files</Filter>
    </ClInclude>
    <ClInclude Include="include\stb\stb_herringbone_wang_tile.h">
      <Filter>Header Files</Filter>
    </ClInclude>
    <ClInclude Include="include\stb\stb_hexwave.h">
      <Filter>Header Files</Filter>
    </ClInclude>
    <ClInclude Include="include\stb\stb_image.h">
      <Filter>Header Files</Filter>
    </ClInclude>
    <ClInclude Include="include\stb\stb_image_resize.h">
      <Filter>Header Files</Filter>
    </ClInclude>
    <ClInclude Include="include\stb\stb_image_write.h">
      <Filter>Header Files</Filter>
    </ClInclude>
    <ClInclude Include="include\stb\stb_include.h">
      <Filter>Header Files</Filter>
    </ClInclude>
    <ClInclude Include="include\stb\stb_leakcheck.h">
      <Filter>Header Files</Filter>
    </ClInclude>
    <ClInclude Include="include\stb\stb_rect_pack.h">
      <Filter>Header Files</Filter>
    </ClInclude>
    <ClInclude Include="include\stb\stb_sprintf.h">
      <Filter>Header Files</Filter>
    </ClInclude>
    <ClInclude Include="include\stb\stb_textedit.h">
      <Filter>Header Files</Filter>
    </ClInclude>
    <ClInclude Include="include\stb\stb_tilemap_editor.h">
      <Filter>Header Files</Filter>
    </ClInclude>
    <ClInclude Include="include\stb\stb_truetype.h">
      <Filter>Header Files</Filter>
    </ClInclude>
    <ClInclude Include="include\stb\stb_voxel_render.h">
      <Filter>Header Files</Filter>
    </ClInclude>
    <ClInclude Include="include\libavcodec\ac3_parser.h">
      <Filter>Header Files</Filter>
    </ClInclude>
    <ClInclude Include="include\libavcodec\adts_parser.h">
      <Filter>Header Files</Filter>
    </ClInclude>
    <ClInclude Include="include\libavcodec\avcodec.h">
      <Filter>Header Files</Filter>
    </ClInclude>
    <ClInclude Include="include\libavcodec\avdct.h">
      <Filter>Header Files</Filter>
    </ClInclude>
    <ClInclude Include="include\libavcodec\avfft.h">
      <Filter>Header Files</Filter>
    </ClInclude>
    <ClInclude Include="include\libavcodec\bsf.h">
      <Filter>Header Files</Filter>
    </ClInclude>
    <ClInclude Include="include\libavcodec\codec.h">
      <Filter>Header Files</Filter>
    </ClInclude>
    <ClInclude Include="include\libavcodec\codec_desc.h">
      <Filter>Header Files</Filter>
    </ClInclude>
    <ClInclude Include="include\libavcodec\codec_id.h">
      <Filter>Header Files</Filter>
    </ClInclude>
    <ClInclude Include="include\libavcodec\codec_par.h">
      <Filter>Header Files</Filter>
    </ClInclude>
    <ClInclude Include="include\libavcodec\d3d11va.h">
      <Filter>Header Files</Filter>
    </ClInclude>
    <ClInclude Include="include\libavcodec\dirac.h">
      <Filter>Header Files</Filter>
    </ClInclude>
    <ClInclude Include="include\libavcodec\dv_profile.h">
      <Filter>Header Files</Filter>
    </ClInclude>
    <ClInclude Include="include\libavcodec\dxva2.h">
      <Filter>Header Files</Filter>
    </ClInclude>
    <ClInclude Include="include\libavcodec\jni.h">
      <Filter>Header Files</Filter>
    </ClInclude>
    <ClInclude Include="include\libavcodec\mediacodec.h">
      <Filter>Header Files</Filter>
    </ClInclude>
    <ClInclude Include="include\libavcodec\packet.h">
      <Filter>Header Files</Filter>
    </ClInclude>
    <ClInclude Include="include\libavcodec\qsv.h">
      <Filter>Header Files</Filter>
    </ClInclude>
    <ClInclude Include="include\libavcodec\vaapi.h">
      <Filter>Header Files</Filter>
    </ClInclude>
    <ClInclude Include="include\libavcodec\vdpau.h">
      <Filter>Header Files</Filter>
    </ClInclude>
    <ClInclude Include="include\libavcodec\version.h">
      <Filter>Header Files</Filter>
    </ClInclude>
    <ClInclude Include="include\libavcodec\videotoolbox.h">
      <Filter>Header Files</Filter>
    </ClInclude>
    <ClInclude Include="include\libavcodec\vorbis_parser.h">
      <Filter>Header Files</Filter>
    </ClInclude>
    <ClInclude Include="include\libavcodec\xvmc.h">
      <Filter>Header Files</Filter>
    </ClInclude>
    <ClInclude Include="include\libavdevice\avdevice.h">
      <Filter>Header Files</Filter>
    </ClInclude>
    <ClInclude Include="include\libavdevice\version.h">
      <Filter>Header Files</Filter>
    </ClInclude>
    <ClInclude Include="include\libavfilter\avfilter.h">
      <Filter>Header Files</Filter>
    </ClInclude>
    <ClInclude Include="include\libavfilter\buffersink.h">
      <Filter>Header Files</Filter>
    </ClInclude>
    <ClInclude Include="include\libavfilter\buffersrc.h">
      <Filter>Header Files</Filter>
    </ClInclude>
    <ClInclude Include="include\libavfilter\version.h">
      <Filter>Header Files</Filter>
    </ClInclude>
    <ClInclude Include="include\libavformat\avformat.h">
      <Filter>Header Files</Filter>
    </ClInclude>
    <ClInclude Include="include\libavformat\avio.h">
      <Filter>Header Files</Filter>
    </ClInclude>
    <ClInclude Include="include\libavformat\version.h">
      <Filter>Header Files</Filter>
    </ClInclude>
    <ClInclude Include="include\libavutil\adler32.h">
      <Filter>Header Files</Filter>
    </ClInclude>
    <ClInclude Include="include\libavutil\aes.h">
      <Filter>Header Files</Filter>
    </ClInclude>
    <ClInclude Include="include\libavutil\aes_ctr.h">
      <Filter>Header Files</Filter>
    </ClInclude>
    <ClInclude Include="include\libavutil\attributes.h">
      <Filter>Header Files</Filter>
    </ClInclude>
    <ClInclude Include="include\libavutil\audio_fifo.h">
      <Filter>Header Files</Filter>
    </ClInclude>
    <ClInclude Include="include\libavutil\avassert.h">
      <Filter>Header Files</Filter>
    </ClInclude>
    <ClInclude Include="include\libavutil\avconfig.h">
      <Filter>Header Files</Filter>
    </ClInclude>
    <ClInclude Include="include\libavutil\avstring.h">
      <Filter>Header Files</Filter>
    </ClInclude>
    <ClInclude Include="include\libavutil\avutil.h">
      <Filter>Header Files</Filter>
    </ClInclude>
    <ClInclude Include="include\libavutil\base64.h">
      <Filter>Header Files</Filter>
    </ClInclude>
    <ClInclude Include="include\libavutil\blowfish.h">
      <Filter>Header Files</Filter>
    </ClInclude>
    <ClInclude Include="include\libavutil\bprint.h">
      <Filter>Header Files</Filter>
    </ClInclude>
    <ClInclude Include="include\libavutil\bswap.h">
      <Filter>Header Files</Filter>
    </ClInclude>
    <ClInclude Include="include\libavutil\buffer.h">
      <Filter>Header Files</Filter>
    </ClInclude>
    <ClInclude Include="include\libavutil\camellia.h">
      <Filter>Header Files</Filter>
    </ClInclude>
    <ClInclude Include="include\libavutil\cast5.h">
      <Filter>Header Files</Filter>
    </ClInclude>
    <ClInclude Include="include\libavutil\channel_layout.h">
      <Filter>Header Files</Filter>
    </ClInclude>
    <ClInclude Include="include\libavutil\common.h">
      <Filter>Header Files</Filter>
    </ClInclude>
    <ClInclude Include="include\libavutil\cpu.h">
      <Filter>Header Files</Filter>
    </ClInclude>
    <ClInclude Include="include\libavutil\crc.h">
      <Filter>Header Files</Filter>
    </ClInclude>
    <ClInclude Include="include\libavutil\des.h">
      <Filter>Header Files</Filter>
    </ClInclude>
    <ClInclude Include="include\libavutil\dict.h">
      <Filter>Header Files</Filter>
    </ClInclude>
    <ClInclude Include="include\libavutil\display.h">
      <Filter>Header Files</Filter>
    </ClInclude>
    <ClInclude Include="include\libavutil\dovi_meta.h">
      <Filter>Header Files</Filter>
    </ClInclude>
    <ClInclude Include="include\libavutil\downmix_info.h">
      <Filter>Header Files</Filter>
    </ClInclude>
    <ClInclude Include="include\libavutil\encryption_info.h">
      <Filter>Header Files</Filter>
    </ClInclude>
    <ClInclude Include="include\libavutil\error.h">
      <Filter>Header Files</Filter>
    </ClInclude>
    <ClInclude Include="include\libavutil\eval.h">
      <Filter>Header Files</Filter>
    </ClInclude>
    <ClInclude Include="include\libavutil\ffversion.h">
      <Filter>Header Files</Filter>
    </ClInclude>
    <ClInclude Include="include\libavutil\fifo.h">
      <Filter>Header Files</Filter>
    </ClInclude>
    <ClInclude Include="include\libavutil\file.h">
      <Filter>Header Files</Filter>
    </ClInclude>
    <ClInclude Include="include\libavutil\film_grain_params.h">
      <Filter>Header Files</Filter>
    </ClInclude>
    <ClInclude Include="include\libavutil\frame.h">
      <Filter>Header Files</Filter>
    </ClInclude>
    <ClInclude Include="include\libavutil\hash.h">
      <Filter>Header Files</Filter>
    </ClInclude>
    <ClInclude Include="include\libavutil\hdr_dynamic_metadata.h">
      <Filter>Header Files</Filter>
    </ClInclude>
    <ClInclude Include="include\libavutil\hmac.h">
      <Filter>Header Files</Filter>
    </ClInclude>
    <ClInclude Include="include\libavutil\hwcontext.h">
      <Filter>Header Files</Filter>
    </ClInclude>
    <ClInclude Include="include\libavutil\hwcontext_cuda.h">
      <Filter>Header Files</Filter>
    </ClInclude>
    <ClInclude Include="include\libavutil\hwcontext_d3d11va.h">
      <Filter>Header Files</Filter>
    </ClInclude>
    <ClInclude Include="include\libavutil\hwcontext_drm.h">
      <Filter>Header Files</Filter>
    </ClInclude>
    <ClInclude Include="include\libavutil\hwcontext_dxva2.h">
      <Filter>Header Files</Filter>
    </ClInclude>
    <ClInclude Include="include\libavutil\hwcontext_mediacodec.h">
      <Filter>Header Files</Filter>
    </ClInclude>
    <ClInclude Include="include\libavutil\hwcontext_opencl.h">
      <Filter>Header Files</Filter>
    </ClInclude>
    <ClInclude Include="include\libavutil\hwcontext_qsv.h">
      <Filter>Header Files</Filter>
    </ClInclude>
    <ClInclude Include="include\libavutil\hwcontext_vaapi.h">
      <Filter>Header Files</Filter>
    </ClInclude>
    <ClInclude Include="include\libavutil\hwcontext_vdpau.h">
      <Filter>Header Files</Filter>
    </ClInclude>
    <ClInclude Include="include\libavutil\hwcontext_videotoolbox.h">
      <Filter>Header Files</Filter>
    </ClInclude>
    <ClInclude Include="include\libavutil\hwcontext_vulkan.h">
      <Filter>Header Files</Filter>
    </ClInclude>
    <ClInclude Include="include\libavutil\imgutils.h">
      <Filter>Header Files</Filter>
    </ClInclude>
    <ClInclude Include="include\libavutil\intfloat.h">
      <Filter>Header Files</Filter>
    </ClInclude>
    <ClInclude Include="include\libavutil\intreadwrite.h">
      <Filter>Header Files</Filter>
    </ClInclude>
    <ClInclude Include="include\libavutil\lfg.h">
      <Filter>Header Files</Filter>
    </ClInclude>
    <ClInclude Include="include\libavutil\log.h">
      <Filter>Header Files</Filter>
    </ClInclude>
    <ClInclude Include="include\libavutil\lzo.h">
      <Filter>Header Files</Filter>
    </ClInclude>
    <ClInclude Include="include\libavutil\macros.h">
      <Filter>Header Files</Filter>
    </ClInclude>
    <ClInclude Include="include\libavutil\mastering_display_metadata.h">
      <Filter>Header Files</Filter>
    </ClInclude>
    <ClInclude Include="include\libavutil\mathematics.h">
      <Filter>Header Files</Filter>
    </ClInclude>
    <ClInclude Include="include\libavutil\md5.h">
      <Filter>Header Files</Filter>
    </ClInclude>
    <ClInclude Include="include\libavutil\mem.h">
      <Filter>Header Files</Filter>
    </ClInclude>
    <ClInclude Include="include\libavutil\motion_vector.h">
      <Filter>Header Files</Filter>
    </ClInclude>
    <ClInclude Include="include\libavutil\murmur3.h">
      <Filter>Header Files</Filter>
    </ClInclude>
    <ClInclude Include="include\libavutil\opt.h">
      <Filter>Header Files</Filter>
    </ClInclude>
    <ClInclude Include="include\libavutil\parseutils.h">
      <Filter>Header Files</Filter>
    </ClInclude>
    <ClInclude Include="include\libavutil\pixdesc.h">
      <Filter>Header Files</Filter>
    </ClInclude>
    <ClInclude Include="include\libavutil\pixelutils.h">
      <Filter>Header Files</Filter>
    </ClInclude>
    <ClInclude Include="include\libavutil\pixfmt.h">
      <Filter>Header Files</Filter>
    </ClInclude>
    <ClInclude Include="include\libavutil\random_seed.h">
      <Filter>Header Files</Filter>
    </ClInclude>
    <ClInclude Include="include\libavutil\rational.h">
      <Filter>Header Files</Filter>
    </ClInclude>
    <ClInclude Include="include\libavutil\rc4.h">
      <Filter>Header Files</Filter>
    </ClInclude>
    <ClInclude Include="include\libavutil\replaygain.h">
      <Filter>Header Files</Filter>
    </ClInclude>
    <ClInclude Include="include\libavutil\ripemd.h">
      <Filter>Header Files</Filter>
    </ClInclude>
    <ClInclude Include="include\libavutil\samplefmt.h">
      <Filter>Header Files</Filter>
    </ClInclude>
    <ClInclude Include="include\libavutil\sha.h">
      <Filter>Header Files</Filter>
    </ClInclude>
    <ClInclude Include="include\libavutil\sha512.h">
      <Filter>Header Files</Filter>
    </ClInclude>
    <ClInclude Include="include\libavutil\spherical.h">
      <Filter>Header Files</Filter>
    </ClInclude>
    <ClInclude Include="include\libavutil\stereo3d.h">
      <Filter>Header Files</Filter>
    </ClInclude>
    <ClInclude Include="include\libavutil\tea.h">
      <Filter>Header Files</Filter>
    </ClInclude>
    <ClInclude Include="include\libavutil\threadmessage.h">
      <Filter>Header Files</Filter>
    </ClInclude>
    <ClInclude Include="include\libavutil\time.h">
      <Filter>Header Files</Filter>
    </ClInclude>
    <ClInclude Include="include\libavutil\timecode.h">
      <Filter>Header Files</Filter>
    </ClInclude>
    <ClInclude Include="include\libavutil\timestamp.h">
      <Filter>Header Files</Filter>
    </ClInclude>
    <ClInclude Include="include\libavutil\tree.h">
      <Filter>Header Files</Filter>
    </ClInclude>
    <ClInclude Include="include\libavutil\twofish.h">
      <Filter>Header Files</Filter>
    </ClInclude>
    <ClInclude Include="include\libavutil\tx.h">
      <Filter>Header Files</Filter>
    </ClInclude>
    <ClInclude Include="include\libavutil\version.h">
      <Filter>Header Files</Filter>
    </ClInclude>
    <ClInclude Include="include\libavutil\video_enc_params.h">
      <Filter>Header Files</Filter>
    </ClInclude>
    <ClInclude Include="include\libavutil\xtea.h">
      <Filter>Header Files</Filter>
    </ClInclude>
    <ClInclude Include="include\libswresample\swresample.h">
      <Filter>Header Files</Filter>
    </ClInclude>
    <ClInclude Include="include\libswresample\version.h">
      <Filter>Header Files</Filter>
    </ClInclude>
    <ClInclude Include="include\libswscale\swscale.h">
      <Filter>Header Files</Filter>
    </ClInclude>
    <ClInclude Include="include\libswscale\version.h">
      <Filter>Header Files</Filter>
    </ClInclude>
    <ClInclude Include="include\Codecs\AudioCodec.h">
      <Filter>Header Files</Filter>
    </ClInclude>
    <ClInclude Include="include\Codecs\Codec.h">
      <Filter>Header Files</Filter>
    </ClInclude>
    <ClInclude Include="include\Codecs\H264NVEncCodec.h">
      <Filter>Header Files</Filter>
    </ClInclude>
    <ClInclude Include="include\Codecs\H265NVEncCodec.h">
      <Filter>Header Files</Filter>
    </ClInclude>
    <ClInclude Include="include\Codecs\JPGCodec.h">
      <Filter>Header Files</Filter>
    </ClInclude>
    <ClInclude Include="include\Codecs\PNGCodec.h">
      <Filter>Header Files</Filter>
    </ClInclude>
    <ClInclude Include="include\Codecs\VideoCodec.h">
      <Filter>Header Files</Filter>
    </ClInclude>
    <ClInclude Include="include\Codecs\VP9Codec.h">
      <Filter>Header Files</Filter>
    </ClInclude>
    <ClInclude Include="include\Demuxing\AudioInputStream.h">
      <Filter>Header Files</Filter>
    </ClInclude>
    <ClInclude Include="include\Demuxing\InputStream.h">
      <Filter>Header Files</Filter>
    </ClInclude>
    <ClInclude Include="include\Demuxing\StreamData.h">
      <Filter>Header Files</Filter>
    </ClInclude>
    <ClInclude Include="include\Demuxing\VideoInputStream.h">
      <Filter>Header Files</Filter>
    </ClInclude>
    <ClInclude Include="include\Frame Sinks\AudioEncoder.h">
      <Filter>Header Files</Filter>
    </ClInclude>
    <ClInclude Include="include\Frame Sinks\AudioFilter.h">
      <Filter>Header Files</Filter>
    </ClInclude>
    <ClInclude Include="include\Frame Sinks\AudioFrameSink.h">
      <Filter>Header Files</Filter>
    </ClInclude>
    <ClInclude Include="include\Frame Sinks\Filter.h">
      <Filter>Header Files</Filter>
    </ClInclude>
    <ClInclude Include="include\Frame Sinks\FrameSink.h">
      <Filter>Header Files</Filter>
    </ClInclude>
    <ClInclude Include="include\Frame Sinks\FrameSinkStream.h">
      <Filter>Header Files</Filter>
    </ClInclude>
    <ClInclude Include="include\Frame Sinks\FrameWriter.h">
      <Filter>Header Files</Filter>
    </ClInclude>
    <ClInclude Include="include\Frame Sinks\OneInputFrameSink.h">
      <Filter>Header Files</Filter>
    </ClInclude>
    <ClInclude Include="include\Frame Sinks\VideoEncoder.h">
      <Filter>Header Files</Filter>
    </ClInclude>
    <ClInclude Include="include\Frame Sinks\VideoFilterInput.h">
      <Filter>Header Files</Filter>
    </ClInclude>
    <ClInclude Include="include\Frame Sinks\VideoFrameSink.h">
      <Filter>Header Files</Filter>
    </ClInclude>
    <ClInclude Include="include\Info\AudioStreamInfo.h">
      <Filter>Header Files</Filter>
    </ClInclude>
    <ClInclude Include="include\Info\ContainerInfo.h">
      <Filter>Header Files</Filter>
    </ClInclude>
    <ClInclude Include="include\Info\VideoStreamInfo.h">
      <Filter>Header Files</Filter>
    </ClInclude>
    <ClInclude Include="include\Sources\Demuxer.h">
      <Filter>Header Files</Filter>
    </ClInclude>
    <ClInclude Include="include\Sources\EncodedFileSource.h">
      <Filter>Header Files</Filter>
    </ClInclude>
    <ClInclude Include="include\Sources\InputSource.h">
      <Filter>Header Files</Filter>
    </ClInclude>
    <ClInclude Include="include\Sources\RawAudioDataSource.h">
      <Filter>Header Files</Filter>
    </ClInclude>
    <ClInclude Include="include\Sources\RawAudioFileSource.h">
      <Filter>Header Files</Filter>
    </ClInclude>
    <ClInclude Include="include\Sources\RawVideoDataSource.h">
      <Filter>Header Files</Filter>
    </ClInclude>
    <ClInclude Include="include\Sources\RawVideoFileSource.h">
      <Filter>Header Files</Filter>
    </ClInclude>
    <ClInclude Include="include\Muxing\AudioOutputStream.h">
      <Filter>Header Files</Filter>
    </ClInclude>
    <ClInclude Include="include\Muxing\Muxer.h">
      <Filter>Header Files</Filter>
    </ClInclude>
    <ClInclude Include="include\Muxing\OutputStream.h">
      <Filter>Header Files</Filter>
    </ClInclude>
    <ClInclude Include="include\Muxing\VideoOutputStream.h">
      <Filter>Header Files</Filter>
    </ClInclude>
    <ClInclude Include="include\ffmpeg.h">
      <Filter>Header Files</Filter>
    </ClInclude>
    <ClInclude Include="include\AudioFormatConverter.h">
      <Filter>Header Files</Filter>
    </ClInclude>
    <ClInclude Include="include\CodecDeducer.h">
      <Filter>Header Files</Filter>
    </ClInclude>
    <ClInclude Include="include\ConvertedAudioProcessor.h">
      <Filter>Header Files</Filter>
    </ClInclude>
    <ClInclude Include="include\ffmpegcpp.h">
      <Filter>Header Files</Filter>
    </ClInclude>
    <ClInclude Include="include\FFmpegException.h">
      <Filter>Header Files</Filter>
    </ClInclude>
    <ClInclude Include="include\FrameContainer.h">
      <Filter>Header Files</Filter>
    </ClInclude>
    <ClInclude Include="include\OpenCodec.h">
      <Filter>Header Files</Filter>
    </ClInclude>
    <ClInclude Include="include\std.h">
      <Filter>Header Files</Filter>
    </ClInclude>
    <ClInclude Include="include\VideoFormatConverter.h">
      <Filter>Header Files</Filter>
    </ClInclude>
    <ClInclude Include="src\logic\VideoExporter.h">
      <Filter>Header Files</Filter>
    </ClInclude>
    <ClInclude Include="src\logic\UndoRedoManager.h">
      <Filter>Header Files</Filter>
    </ClInclude>
    <ClInclude Include="src\logic\UndoCommand.h">
      <Filter>Header Files</Filter>
    </ClInclude>
    <ClInclude Include="src\logic\undo_commands\AddObjectCmd.h">
      <Filter>Header Files</Filter>
    </ClInclude>
    <ClInclude Include="src\logic\undo_commands\RemoveObjectCmd.h">
      <Filter>Header Files</Filter>
    </ClInclude>
    <ClInclude Include="src\logic\undo_commands\MultiUndoCmd.h">
      <Filter>Header Files</Filter>
    </ClInclude>
    <ClInclude Include="src\logic\LevelObjectProperties.h">
      <Filter>Header Files</Filter>
    </ClInclude>
    <ClInclude Include="src\logic\undo_commands\EditObjectCmd.h">
      <Filter>Header Files</Filter>
    </ClInclude>
    <ClInclude Include="src\logic\undo_commands\ChangeParentCmd.h">
      <Filter>Header Files</Filter>
    </ClInclude>
    <ClInclude Include="src\logic\undo_commands\ObjectKeyframeEditCmd.h">
      <Filter>Header Files</Filter>
    </ClInclude>
    <ClInclude Include="src\logic\undo_commands\ObjectAddChannelCmd.h">
      <Filter>Header Files</Filter>
    </ClInclude>
    <ClInclude Include="src\logic\undo_commands\ObjectAddKeyframeCmd.h">
      <Filter>Header Files</Filter>
    </ClInclude>
  </ItemGroup>
  <ItemGroup>
    <None Include="include\glm\ext\matrix_clip_space.inl">
      <Filter>Header Files</Filter>
    </None>
    <None Include="include\glm\ext\matrix_common.inl">
      <Filter>Header Files</Filter>
    </None>
    <None Include="include\glm\ext\matrix_projection.inl">
      <Filter>Header Files</Filter>
    </None>
    <None Include="include\glm\ext\matrix_relational.inl">
      <Filter>Header Files</Filter>
    </None>
    <None Include="include\glm\ext\matrix_transform.inl">
      <Filter>Header Files</Filter>
    </None>
    <None Include="include\glm\ext\quaternion_common.inl">
      <Filter>Header Files</Filter>
    </None>
    <None Include="include\glm\ext\quaternion_common_simd.inl">
      <Filter>Header Files</Filter>
    </None>
    <None Include="include\glm\ext\quaternion_exponential.inl">
      <Filter>Header Files</Filter>
    </None>
    <None Include="include\glm\ext\quaternion_geometric.inl">
      <Filter>Header Files</Filter>
    </None>
    <None Include="include\glm\ext\quaternion_relational.inl">
      <Filter>Header Files</Filter>
    </None>
    <None Include="include\glm\ext\quaternion_transform.inl">
      <Filter>Header Files</Filter>
    </None>
    <None Include="include\glm\ext\quaternion_trigonometric.inl">
      <Filter>Header Files</Filter>
    </None>
    <None Include="include\glm\ext\scalar_common.inl">
      <Filter>Header Files</Filter>
    </None>
    <None Include="include\glm\ext\scalar_constants.inl">
      <Filter>Header Files</Filter>
    </None>
    <None Include="include\glm\ext\scalar_integer.inl">
      <Filter>Header Files</Filter>
    </None>
    <None Include="include\glm\ext\scalar_packing.inl">
      <Filter>Header Files</Filter>
    </None>
    <None Include="include\glm\ext\scalar_relational.inl">
      <Filter>Header Files</Filter>
    </None>
    <None Include="include\glm\ext\scalar_ulp.inl">
      <Filter>Header Files</Filter>
    </None>
    <None Include="include\glm\ext\vector_common.inl">
      <Filter>Header Files</Filter>
    </None>
    <None Include="include\glm\ext\vector_integer.inl">
      <Filter>Header Files</Filter>
    </None>
    <None Include="include\glm\ext\vector_packing.inl">
      <Filter>Header Files</Filter>
    </None>
    <None Include="include\glm\ext\vector_relational.inl">
      <Filter>Header Files</Filter>
    </None>
    <None Include="include\glm\ext\vector_ulp.inl">
      <Filter>Header Files</Filter>
    </None>
    <None Include="include\glm\detail\func_common.inl">
      <Filter>Header Files</Filter>
    </None>
    <None Include="include\glm\detail\func_common_simd.inl">
      <Filter>Header Files</Filter>
    </None>
    <None Include="include\glm\detail\func_exponential.inl">
      <Filter>Header Files</Filter>
    </None>
    <None Include="include\glm\detail\func_exponential_simd.inl">
      <Filter>Header Files</Filter>
    </None>
    <None Include="include\glm\detail\func_geometric.inl">
      <Filter>Header Files</Filter>
    </None>
    <None Include="include\glm\detail\func_geometric_simd.inl">
      <Filter>Header Files</Filter>
    </None>
    <None Include="include\glm\detail\func_integer.inl">
      <Filter>Header Files</Filter>
    </None>
    <None Include="include\glm\detail\func_integer_simd.inl">
      <Filter>Header Files</Filter>
    </None>
    <None Include="include\glm\detail\func_matrix.inl">
      <Filter>Header Files</Filter>
    </None>
    <None Include="include\glm\detail\func_matrix_simd.inl">
      <Filter>Header Files</Filter>
    </None>
    <None Include="include\glm\detail\func_packing.inl">
      <Filter>Header Files</Filter>
    </None>
    <None Include="include\glm\detail\func_packing_simd.inl">
      <Filter>Header Files</Filter>
    </None>
    <None Include="include\glm\detail\func_trigonometric.inl">
      <Filter>Header Files</Filter>
    </None>
    <None Include="include\glm\detail\func_trigonometric_simd.inl">
      <Filter>Header Files</Filter>
    </None>
    <None Include="include\glm\detail\func_vector_relational.inl">
      <Filter>Header Files</Filter>
    </None>
    <None Include="include\glm\detail\func_vector_relational_simd.inl">
      <Filter>Header Files</Filter>
    </None>
    <None Include="include\glm\detail\type_half.inl">
      <Filter>Header Files</Filter>
    </None>
    <None Include="include\glm\detail\type_mat2x2.inl">
      <Filter>Header Files</Filter>
    </None>
    <None Include="include\glm\detail\type_mat2x3.inl">
      <Filter>Header Files</Filter>
    </None>
    <None Include="include\glm\detail\type_mat2x4.inl">
      <Filter>Header Files</Filter>
    </None>
    <None Include="include\glm\detail\type_mat3x2.inl">
      <Filter>Header Files</Filter>
    </None>
    <None Include="include\glm\detail\type_mat3x3.inl">
      <Filter>Header Files</Filter>
    </None>
    <None Include="include\glm\detail\type_mat3x4.inl">
      <Filter>Header Files</Filter>
    </None>
    <None Include="include\glm\detail\type_mat4x2.inl">
      <Filter>Header Files</Filter>
    </None>
    <None Include="include\glm\detail\type_mat4x3.inl">
      <Filter>Header Files</Filter>
    </None>
    <None Include="include\glm\detail\type_mat4x4.inl">
      <Filter>Header Files</Filter>
    </None>
    <None Include="include\glm\detail\type_mat4x4_simd.inl">
      <Filter>Header Files</Filter>
    </None>
    <None Include="include\glm\detail\type_quat.inl">
      <Filter>Header Files</Filter>
    </None>
    <None Include="include\glm\detail\type_quat_simd.inl">
      <Filter>Header Files</Filter>
    </None>
    <None Include="include\glm\detail\type_vec1.inl">
      <Filter>Header Files</Filter>
    </None>
    <None Include="include\glm\detail\type_vec2.inl">
      <Filter>Header Files</Filter>
    </None>
    <None Include="include\glm\detail\type_vec3.inl">
      <Filter>Header Files</Filter>
    </None>
    <None Include="include\glm\detail\type_vec4.inl">
      <Filter>Header Files</Filter>
    </None>
    <None Include="include\glm\detail\type_vec4_simd.inl">
      <Filter>Header Files</Filter>
    </None>
    <None Include="include\glm\gtc\bitfield.inl">
      <Filter>Header Files</Filter>
    </None>
    <None Include="include\glm\gtc\color_space.inl">
      <Filter>Header Files</Filter>
    </None>
    <None Include="include\glm\gtc\constants.inl">
      <Filter>Header Files</Filter>
    </None>
    <None Include="include\glm\gtc\epsilon.inl">
      <Filter>Header Files</Filter>
    </None>
    <None Include="include\glm\gtc\integer.inl">
      <Filter>Header Files</Filter>
    </None>
    <None Include="include\glm\gtc\matrix_access.inl">
      <Filter>Header Files</Filter>
    </None>
    <None Include="include\glm\gtc\matrix_inverse.inl">
      <Filter>Header Files</Filter>
    </None>
    <None Include="include\glm\gtc\matrix_transform.inl">
      <Filter>Header Files</Filter>
    </None>
    <None Include="include\glm\gtc\noise.inl">
      <Filter>Header Files</Filter>
    </None>
    <None Include="include\glm\gtc\packing.inl">
      <Filter>Header Files</Filter>
    </None>
    <None Include="include\glm\gtc\quaternion.inl">
      <Filter>Header Files</Filter>
    </None>
    <None Include="include\glm\gtc\quaternion_simd.inl">
      <Filter>Header Files</Filter>
    </None>
    <None Include="include\glm\gtc\random.inl">
      <Filter>Header Files</Filter>
    </None>
    <None Include="include\glm\gtc\reciprocal.inl">
      <Filter>Header Files</Filter>
    </None>
    <None Include="include\glm\gtc\round.inl">
      <Filter>Header Files</Filter>
    </None>
    <None Include="include\glm\gtc\type_precision.inl">
      <Filter>Header Files</Filter>
    </None>
    <None Include="include\glm\gtc\type_ptr.inl">
      <Filter>Header Files</Filter>
    </None>
    <None Include="include\glm\gtc\ulp.inl">
      <Filter>Header Files</Filter>
    </None>
    <None Include="include\glm\gtx\associated_min_max.inl">
      <Filter>Header Files</Filter>
    </None>
    <None Include="include\glm\gtx\bit.inl">
      <Filter>Header Files</Filter>
    </None>
    <None Include="include\glm\gtx\closest_point.inl">
      <Filter>Header Files</Filter>
    </None>
    <None Include="include\glm\gtx\color_encoding.inl">
      <Filter>Header Files</Filter>
    </None>
    <None Include="include\glm\gtx\color_space.inl">
      <Filter>Header Files</Filter>
    </None>
    <None Include="include\glm\gtx\color_space_YCoCg.inl">
      <Filter>Header Files</Filter>
    </None>
    <None Include="include\glm\gtx\common.inl">
      <Filter>Header Files</Filter>
    </None>
    <None Include="include\glm\gtx\compatibility.inl">
      <Filter>Header Files</Filter>
    </None>
    <None Include="include\glm\gtx\component_wise.inl">
      <Filter>Header Files</Filter>
    </None>
    <None Include="include\glm\gtx\dual_quaternion.inl">
      <Filter>Header Files</Filter>
    </None>
    <None Include="include\glm\gtx\easing.inl">
      <Filter>Header Files</Filter>
    </None>
    <None Include="include\glm\gtx\euler_angles.inl">
      <Filter>Header Files</Filter>
    </None>
    <None Include="include\glm\gtx\extend.inl">
      <Filter>Header Files</Filter>
    </None>
    <None Include="include\glm\gtx\extended_min_max.inl">
      <Filter>Header Files</Filter>
    </None>
    <None Include="include\glm\gtx\exterior_product.inl">
      <Filter>Header Files</Filter>
    </None>
    <None Include="include\glm\gtx\fast_exponential.inl">
      <Filter>Header Files</Filter>
    </None>
    <None Include="include\glm\gtx\fast_square_root.inl">
      <Filter>Header Files</Filter>
    </None>
    <None Include="include\glm\gtx\fast_trigonometry.inl">
      <Filter>Header Files</Filter>
    </None>
    <None Include="include\glm\gtx\float_notmalize.inl">
      <Filter>Header Files</Filter>
    </None>
    <None Include="include\glm\gtx\functions.inl">
      <Filter>Header Files</Filter>
    </None>
    <None Include="include\glm\gtx\gradient_paint.inl">
      <Filter>Header Files</Filter>
    </None>
    <None Include="include\glm\gtx\handed_coordinate_space.inl">
      <Filter>Header Files</Filter>
    </None>
    <None Include="include\glm\gtx\hash.inl">
      <Filter>Header Files</Filter>
    </None>
    <None Include="include\glm\gtx\integer.inl">
      <Filter>Header Files</Filter>
    </None>
    <None Include="include\glm\gtx\intersect.inl">
      <Filter>Header Files</Filter>
    </None>
    <None Include="include\glm\gtx\io.inl">
      <Filter>Header Files</Filter>
    </None>
    <None Include="include\glm\gtx\log_base.inl">
      <Filter>Header Files</Filter>
    </None>
    <None Include="include\glm\gtx\matrix_cross_product.inl">
      <Filter>Header Files</Filter>
    </None>
    <None Include="include\glm\gtx\matrix_decompose.inl">
      <Filter>Header Files</Filter>
    </None>
    <None Include="include\glm\gtx\matrix_factorisation.inl">
      <Filter>Header Files</Filter>
    </None>
    <None Include="include\glm\gtx\matrix_interpolation.inl">
      <Filter>Header Files</Filter>
    </None>
    <None Include="include\glm\gtx\matrix_major_storage.inl">
      <Filter>Header Files</Filter>
    </None>
    <None Include="include\glm\gtx\matrix_operation.inl">
      <Filter>Header Files</Filter>
    </None>
    <None Include="include\glm\gtx\matrix_query.inl">
      <Filter>Header Files</Filter>
    </None>
    <None Include="include\glm\gtx\matrix_transform_2d.inl">
      <Filter>Header Files</Filter>
    </None>
    <None Include="include\glm\gtx\mixed_product.inl">
      <Filter>Header Files</Filter>
    </None>
    <None Include="include\glm\gtx\norm.inl">
      <Filter>Header Files</Filter>
    </None>
    <None Include="include\glm\gtx\normal.inl">
      <Filter>Header Files</Filter>
    </None>
    <None Include="include\glm\gtx\normalize_dot.inl">
      <Filter>Header Files</Filter>
    </None>
    <None Include="include\glm\gtx\number_precision.inl">
      <Filter>Header Files</Filter>
    </None>
    <None Include="include\glm\gtx\optimum_pow.inl">
      <Filter>Header Files</Filter>
    </None>
    <None Include="include\glm\gtx\orthonormalize.inl">
      <Filter>Header Files</Filter>
    </None>
    <None Include="include\glm\gtx\perpendicular.inl">
      <Filter>Header Files</Filter>
    </None>
    <None Include="include\glm\gtx\polar_coordinates.inl">
      <Filter>Header Files</Filter>
    </None>
    <None Include="include\glm\gtx\projection.inl">
      <Filter>Header Files</Filter>
    </None>
    <None Include="include\glm\gtx\quaternion.inl">
      <Filter>Header Files</Filter>
    </None>
    <None Include="include\glm\gtx\raw_data.inl">
      <Filter>Header Files</Filter>
    </None>
    <None Include="include\glm\gtx\rotate_normalized_axis.inl">
      <Filter>Header Files</Filter>
    </None>
    <None Include="include\glm\gtx\rotate_vector.inl">
      <Filter>Header Files</Filter>
    </None>
    <None Include="include\glm\gtx\scalar_relational.inl">
      <Filter>Header Files</Filter>
    </None>
    <None Include="include\glm\gtx\std_based_type.inl">
      <Filter>Header Files</Filter>
    </None>
    <None Include="include\glm\gtx\spline.inl">
      <Filter>Header Files</Filter>
    </None>
    <None Include="include\glm\gtx\string_cast.inl">
      <Filter>Header Files</Filter>
    </None>
    <None Include="include\glm\gtx\texture.inl">
      <Filter>Header Files</Filter>
    </None>
    <None Include="include\glm\gtx\transform.inl">
      <Filter>Header Files</Filter>
    </None>
    <None Include="include\glm\gtx\transform2.inl">
      <Filter>Header Files</Filter>
    </None>
    <None Include="include\glm\gtx\type_aligned.inl">
      <Filter>Header Files</Filter>
    </None>
    <None Include="include\glm\gtx\type_trait.inl">
      <Filter>Header Files</Filter>
    </None>
    <None Include="include\glm\gtx\vector_angle.inl">
      <Filter>Header Files</Filter>
    </None>
    <None Include="include\glm\gtx\vector_query.inl">
      <Filter>Header Files</Filter>
    </None>
    <None Include="include\glm\gtx\wrap.inl">
      <Filter>Header Files</Filter>
    </None>
    <None Include="Assets\Shaders\unlit.frag" />
    <None Include="Assets\Shaders\unlit.vert" />
    <None Include="bass.dll" />
    <None Include="Assets\Shapes\square.shp" />
    <None Include="Assets\Shaders\waveform.comp" />
    <None Include="discord_game_sdk.dll" />
    <None Include="Assets\Shapes\circle.shp" />
    <None Include="Assets\Shaders\PostProcessing\tonemapping.comp" />
    <None Include="Assets\Shaders\PostProcessing\bloom-blur-horizontal.comp" />
    <None Include="Assets\Shaders\PostProcessing\bloom-blur-vertical.comp" />
    <None Include="Assets\Shaders\PostProcessing\bloom-upsample.comp" />
    <None Include="Assets\Shaders\PostProcessing\bloom-combine.comp" />
    <None Include="avutil-56.dll" />
    <None Include="avcodec-58.dll" />
    <None Include="avdevice-58.dll" />
    <None Include="avfilter-7.dll" />
    <None Include="avformat-58.dll" />
    <None Include="swresample-3.dll" />
    <None Include="swscale-5.dll" />
  </ItemGroup>
  <ItemGroup>
    <Font Include="Assets\Inconsolata.ttf" />
  </ItemGroup>
  <ItemGroup>
    <Library Include="libs\glfw3.lib" />
    <Library Include="libs\bass.lib" />
    <Library Include="libs\discord_game_sdk.dll.lib" />
    <Library Include="libs\avcodec.lib" />
    <Library Include="libs\avdevice.lib" />
    <Library Include="libs\avfilter.lib" />
    <Library Include="libs\avformat.lib" />
    <Library Include="libs\avutil.lib" />
    <Library Include="libs\swresample.lib" />
    <Library Include="libs\swscale.lib" />
  </ItemGroup>
  <ItemGroup>
    <Text Include="Assets\Shapes\shapes_list.txt" />
  </ItemGroup>
</Project>